// !$*UTF8*$!
{
	archiveVersion = 1;
	classes = {
	};
	objectVersion = 50;
	objects = {

/* Begin PBXBuildFile section */
		84680296247C2AF700265052 /* AppDelegate.swift in Sources */ = {isa = PBXBuildFile; fileRef = 84680295247C2AF700265052 /* AppDelegate.swift */; };
		84680298247C2AF700265052 /* SceneDelegate.swift in Sources */ = {isa = PBXBuildFile; fileRef = 84680297247C2AF700265052 /* SceneDelegate.swift */; };
		8468029A247C2AF700265052 /* ViewController.swift in Sources */ = {isa = PBXBuildFile; fileRef = 84680299247C2AF700265052 /* ViewController.swift */; };
		8468029D247C2AF700265052 /* Main.storyboard in Resources */ = {isa = PBXBuildFile; fileRef = 8468029B247C2AF700265052 /* Main.storyboard */; };
		846802A0247C2AF700265052 /* prime_numbers.xcdatamodeld in Sources */ = {isa = PBXBuildFile; fileRef = 8468029E247C2AF700265052 /* prime_numbers.xcdatamodeld */; };
		846802A2247C2B0F00265052 /* Assets.xcassets in Resources */ = {isa = PBXBuildFile; fileRef = 846802A1247C2B0F00265052 /* Assets.xcassets */; };
		846802A5247C2B0F00265052 /* LaunchScreen.storyboard in Resources */ = {isa = PBXBuildFile; fileRef = 846802A3247C2B0F00265052 /* LaunchScreen.storyboard */; };
/* End PBXBuildFile section */

/* Begin PBXFileReference section */
		84680292247C2AF700265052 /* prime-numbers.app */ = {isa = PBXFileReference; explicitFileType = wrapper.application; includeInIndex = 0; path = "prime-numbers.app"; sourceTree = BUILT_PRODUCTS_DIR; };
		84680295247C2AF700265052 /* AppDelegate.swift */ = {isa = PBXFileReference; lastKnownFileType = sourcecode.swift; path = AppDelegate.swift; sourceTree = "<group>"; };
		84680297247C2AF700265052 /* SceneDelegate.swift */ = {isa = PBXFileReference; lastKnownFileType = sourcecode.swift; path = SceneDelegate.swift; sourceTree = "<group>"; };
		84680299247C2AF700265052 /* ViewController.swift */ = {isa = PBXFileReference; lastKnownFileType = sourcecode.swift; path = ViewController.swift; sourceTree = "<group>"; };
		8468029C247C2AF700265052 /* Base */ = {isa = PBXFileReference; lastKnownFileType = file.storyboard; name = Base; path = Base.lproj/Main.storyboard; sourceTree = "<group>"; };
		8468029F247C2AF700265052 /* prime_numbers.xcdatamodel */ = {isa = PBXFileReference; lastKnownFileType = wrapper.xcdatamodel; path = prime_numbers.xcdatamodel; sourceTree = "<group>"; };
		846802A1247C2B0F00265052 /* Assets.xcassets */ = {isa = PBXFileReference; lastKnownFileType = folder.assetcatalog; path = Assets.xcassets; sourceTree = "<group>"; };
		846802A4247C2B0F00265052 /* Base */ = {isa = PBXFileReference; lastKnownFileType = file.storyboard; name = Base; path = Base.lproj/LaunchScreen.storyboard; sourceTree = "<group>"; };
		846802A6247C2B0F00265052 /* Info.plist */ = {isa = PBXFileReference; lastKnownFileType = text.plist.xml; path = Info.plist; sourceTree = "<group>"; };
/* End PBXFileReference section */

/* Begin PBXFrameworksBuildPhase section */
		8468028F247C2AF700265052 /* Frameworks */ = {
			isa = PBXFrameworksBuildPhase;
			buildActionMask = 2147483647;
			files = (
			);
			runOnlyForDeploymentPostprocessing = 0;
		};
/* End PBXFrameworksBuildPhase section */

/* Begin PBXGroup section */
		84680289247C2AF600265052 = {
			isa = PBXGroup;
			children = (
				84680294247C2AF700265052 /* prime-numbers */,
				84680293247C2AF700265052 /* Products */,
			);
			sourceTree = "<group>";
		};
		84680293247C2AF700265052 /* Products */ = {
			isa = PBXGroup;
			children = (
				84680292247C2AF700265052 /* prime-numbers.app */,
			);
			name = Products;
			sourceTree = "<group>";
		};
		84680294247C2AF700265052 /* prime-numbers */ = {
			isa = PBXGroup;
			children = (
				84680295247C2AF700265052 /* AppDelegate.swift */,
				84680297247C2AF700265052 /* SceneDelegate.swift */,
				84680299247C2AF700265052 /* ViewController.swift */,
				8468029B247C2AF700265052 /* Main.storyboard */,
				846802A1247C2B0F00265052 /* Assets.xcassets */,
				846802A3247C2B0F00265052 /* LaunchScreen.storyboard */,
				846802A6247C2B0F00265052 /* Info.plist */,
				8468029E247C2AF700265052 /* prime_numbers.xcdatamodeld */,
			);
			path = "prime-numbers";
			sourceTree = "<group>";
		};
/* End PBXGroup section */

/* Begin PBXNativeTarget section */
		84680291247C2AF700265052 /* prime-numbers */ = {
			isa = PBXNativeTarget;
			buildConfigurationList = 846802A9247C2B0F00265052 /* Build configuration list for PBXNativeTarget "prime-numbers" */;
			buildPhases = (
				8468028E247C2AF700265052 /* Sources */,
				8468028F247C2AF700265052 /* Frameworks */,
				84680290247C2AF700265052 /* Resources */,
			);
			buildRules = (
			);
			dependencies = (
			);
			name = "prime-numbers";
			productName = "prime-numbers";
			productReference = 84680292247C2AF700265052 /* prime-numbers.app */;
			productType = "com.apple.product-type.application";
		};
/* End PBXNativeTarget section */

/* Begin PBXProject section */
		8468028A247C2AF600265052 /* Project object */ = {
			isa = PBXProject;
			attributes = {
				LastSwiftUpdateCheck = 1150;
				LastUpgradeCheck = 1150;
				ORGANIZATIONNAME = "Mishka TBC";
				TargetAttributes = {
					84680291247C2AF700265052 = {
						CreatedOnToolsVersion = 11.5;
					};
				};
			};
			buildConfigurationList = 8468028D247C2AF600265052 /* Build configuration list for PBXProject "prime-numbers" */;
			compatibilityVersion = "Xcode 9.3";
			developmentRegion = en;
			hasScannedForEncodings = 0;
			knownRegions = (
				en,
				Base,
			);
			mainGroup = 84680289247C2AF600265052;
			productRefGroup = 84680293247C2AF700265052 /* Products */;
			projectDirPath = "";
			projectRoot = "";
			targets = (
				84680291247C2AF700265052 /* prime-numbers */,
			);
		};
/* End PBXProject section */

/* Begin PBXResourcesBuildPhase section */
		84680290247C2AF700265052 /* Resources */ = {
			isa = PBXResourcesBuildPhase;
			buildActionMask = 2147483647;
			files = (
				846802A5247C2B0F00265052 /* LaunchScreen.storyboard in Resources */,
				846802A2247C2B0F00265052 /* Assets.xcassets in Resources */,
				8468029D247C2AF700265052 /* Main.storyboard in Resources */,
			);
			runOnlyForDeploymentPostprocessing = 0;
		};
/* End PBXResourcesBuildPhase section */

/* Begin PBXSourcesBuildPhase section */
		8468028E247C2AF700265052 /* Sources */ = {
			isa = PBXSourcesBuildPhase;
			buildActionMask = 2147483647;
			files = (
				8468029A247C2AF700265052 /* ViewController.swift in Sources */,
				84680296247C2AF700265052 /* AppDelegate.swift in Sources */,
				846802A0247C2AF700265052 /* prime_numbers.xcdatamodeld in Sources */,
				84680298247C2AF700265052 /* SceneDelegate.swift in Sources */,
			);
			runOnlyForDeploymentPostprocessing = 0;
		};
/* End PBXSourcesBuildPhase section */

/* Begin PBXVariantGroup section */
		8468029B247C2AF700265052 /* Main.storyboard */ = {
			isa = PBXVariantGroup;
			children = (
				8468029C247C2AF700265052 /* Base */,
			);
			name = Main.storyboard;
			sourceTree = "<group>";
		};
		846802A3247C2B0F00265052 /* LaunchScreen.storyboard */ = {
			isa = PBXVariantGroup;
			children = (
				846802A4247C2B0F00265052 /* Base */,
			);
			name = LaunchScreen.storyboard;
			sourceTree = "<group>";
		};
/* End PBXVariantGroup section */

/* Begin XCBuildConfiguration section */
		846802A7247C2B0F00265052 /* Debug */ = {
			isa = XCBuildConfiguration;
			buildSettings = {
				ALWAYS_SEARCH_USER_PATHS = NO;
				CLANG_ANALYZER_NONNULL = YES;
				CLANG_ANALYZER_NUMBER_OBJECT_CONVERSION = YES_AGGRESSIVE;
				CLANG_CXX_LANGUAGE_STANDARD = "gnu++14";
				CLANG_CXX_LIBRARY = "libc++";
				CLANG_ENABLE_MODULES = YES;
				CLANG_ENABLE_OBJC_ARC = YES;
				CLANG_ENABLE_OBJC_WEAK = YES;
				CLANG_WARN_BLOCK_CAPTURE_AUTORELEASING = YES;
				CLANG_WARN_BOOL_CONVERSION = YES;
				CLANG_WARN_COMMA = YES;
				CLANG_WARN_CONSTANT_CONVERSION = YES;
				CLANG_WARN_DEPRECATED_OBJC_IMPLEMENTATIONS = YES;
				CLANG_WARN_DIRECT_OBJC_ISA_USAGE = YES_ERROR;
				CLANG_WARN_DOCUMENTATION_COMMENTS = YES;
				CLANG_WARN_EMPTY_BODY = YES;
				CLANG_WARN_ENUM_CONVERSION = YES;
				CLANG_WARN_INFINITE_RECURSION = YES;
				CLANG_WARN_INT_CONVERSION = YES;
				CLANG_WARN_NON_LITERAL_NULL_CONVERSION = YES;
				CLANG_WARN_OBJC_IMPLICIT_RETAIN_SELF = YES;
				CLANG_WARN_OBJC_LITERAL_CONVERSION = YES;
				CLANG_WARN_OBJC_ROOT_CLASS = YES_ERROR;
				CLANG_WARN_RANGE_LOOP_ANALYSIS = YES;
				CLANG_WARN_STRICT_PROTOTYPES = YES;
				CLANG_WARN_SUSPICIOUS_MOVE = YES;
				CLANG_WARN_UNGUARDED_AVAILABILITY = YES_AGGRESSIVE;
				CLANG_WARN_UNREACHABLE_CODE = YES;
				CLANG_WARN__DUPLICATE_METHOD_MATCH = YES;
				COPY_PHASE_STRIP = NO;
				DEBUG_INFORMATION_FORMAT = dwarf;
				ENABLE_STRICT_OBJC_MSGSEND = YES;
				ENABLE_TESTABILITY = YES;
				GCC_C_LANGUAGE_STANDARD = gnu11;
				GCC_DYNAMIC_NO_PIC = NO;
				GCC_NO_COMMON_BLOCKS = YES;
				GCC_OPTIMIZATION_LEVEL = 0;
				GCC_PREPROCESSOR_DEFINITIONS = (
					"DEBUG=1",
					"$(inherited)",
				);
				GCC_WARN_64_TO_32_BIT_CONVERSION = YES;
				GCC_WARN_ABOUT_RETURN_TYPE = YES_ERROR;
				GCC_WARN_UNDECLARED_SELECTOR = YES;
				GCC_WARN_UNINITIALIZED_AUTOS = YES_AGGRESSIVE;
				GCC_WARN_UNUSED_FUNCTION = YES;
				GCC_WARN_UNUSED_VARIABLE = YES;
				IPHONEOS_DEPLOYMENT_TARGET = 13.5;
				MTL_ENABLE_DEBUG_INFO = INCLUDE_SOURCE;
				MTL_FAST_MATH = YES;
				ONLY_ACTIVE_ARCH = YES;
				SDKROOT = iphoneos;
				SWIFT_ACTIVE_COMPILATION_CONDITIONS = DEBUG;
				SWIFT_OPTIMIZATION_LEVEL = "-Onone";
			};
			name = Debug;
		};
		846802A8247C2B0F00265052 /* Release */ = {
			isa = XCBuildConfiguration;
			buildSettings = {
				ALWAYS_SEARCH_USER_PATHS = NO;
				CLANG_ANALYZER_NONNULL = YES;
				CLANG_ANALYZER_NUMBER_OBJECT_CONVERSION = YES_AGGRESSIVE;
				CLANG_CXX_LANGUAGE_STANDARD = "gnu++14";
				CLANG_CXX_LIBRARY = "libc++";
				CLANG_ENABLE_MODULES = YES;
				CLANG_ENABLE_OBJC_ARC = YES;
				CLANG_ENABLE_OBJC_WEAK = YES;
				CLANG_WARN_BLOCK_CAPTURE_AUTORELEASING = YES;
				CLANG_WARN_BOOL_CONVERSION = YES;
				CLANG_WARN_COMMA = YES;
				CLANG_WARN_CONSTANT_CONVERSION = YES;
				CLANG_WARN_DEPRECATED_OBJC_IMPLEMENTATIONS = YES;
				CLANG_WARN_DIRECT_OBJC_ISA_USAGE = YES_ERROR;
				CLANG_WARN_DOCUMENTATION_COMMENTS = YES;
				CLANG_WARN_EMPTY_BODY = YES;
				CLANG_WARN_ENUM_CONVERSION = YES;
				CLANG_WARN_INFINITE_RECURSION = YES;
				CLANG_WARN_INT_CONVERSION = YES;
				CLANG_WARN_NON_LITERAL_NULL_CONVERSION = YES;
				CLANG_WARN_OBJC_IMPLICIT_RETAIN_SELF = YES;
				CLANG_WARN_OBJC_LITERAL_CONVERSION = YES;
				CLANG_WARN_OBJC_ROOT_CLASS = YES_ERROR;
				CLANG_WARN_RANGE_LOOP_ANALYSIS = YES;
				CLANG_WARN_STRICT_PROTOTYPES = YES;
				CLANG_WARN_SUSPICIOUS_MOVE = YES;
				CLANG_WARN_UNGUARDED_AVAILABILITY = YES_AGGRESSIVE;
				CLANG_WARN_UNREACHABLE_CODE = YES;
				CLANG_WARN__DUPLICATE_METHOD_MATCH = YES;
				COPY_PHASE_STRIP = NO;
				DEBUG_INFORMATION_FORMAT = "dwarf-with-dsym";
				ENABLE_NS_ASSERTIONS = NO;
				ENABLE_STRICT_OBJC_MSGSEND = YES;
				GCC_C_LANGUAGE_STANDARD = gnu11;
				GCC_NO_COMMON_BLOCKS = YES;
				GCC_WARN_64_TO_32_BIT_CONVERSION = YES;
				GCC_WARN_ABOUT_RETURN_TYPE = YES_ERROR;
				GCC_WARN_UNDECLARED_SELECTOR = YES;
				GCC_WARN_UNINITIALIZED_AUTOS = YES_AGGRESSIVE;
				GCC_WARN_UNUSED_FUNCTION = YES;
				GCC_WARN_UNUSED_VARIABLE = YES;
				IPHONEOS_DEPLOYMENT_TARGET = 13.5;
				MTL_ENABLE_DEBUG_INFO = NO;
				MTL_FAST_MATH = YES;
				SDKROOT = iphoneos;
				SWIFT_COMPILATION_MODE = wholemodule;
				SWIFT_OPTIMIZATION_LEVEL = "-O";
				VALIDATE_PRODUCT = YES;
			};
			name = Release;
		};
		846802AA247C2B0F00265052 /* Debug */ = {
			isa = XCBuildConfiguration;
			buildSettings = {
				ASSETCATALOG_COMPILER_APPICON_NAME = AppIcon;
				CODE_SIGN_STYLE = Automatic;
				INFOPLIST_FILE = "prime-numbers/Info.plist";
				LD_RUNPATH_SEARCH_PATHS = (
					"$(inherited)",
					"@executable_path/Frameworks",
				);
				PRODUCT_BUNDLE_IDENTIFIER = "mishka.tbc.prime-numbers";
				PRODUCT_NAME = "$(TARGET_NAME)";
				SWIFT_VERSION = 5.0;
				TARGETED_DEVICE_FAMILY = "1,2";
			};
			name = Debug;
		};
		846802AB247C2B0F00265052 /* Release */ = {
			isa = XCBuildConfiguration;
			buildSettings = {
				ASSETCATALOG_COMPILER_APPICON_NAME = AppIcon;
				CODE_SIGN_STYLE = Automatic;
				INFOPLIST_FILE = "prime-numbers/Info.plist";
				LD_RUNPATH_SEARCH_PATHS = (
					"$(inherited)",
					"@executable_path/Frameworks",
				);
				PRODUCT_BUNDLE_IDENTIFIER = "mishka.tbc.prime-numbers";
				PRODUCT_NAME = "$(TARGET_NAME)";
				SWIFT_VERSION = 5.0;
				TARGETED_DEVICE_FAMILY = "1,2";
			};
			name = Release;
		};
/* End XCBuildConfiguration section */

/* Begin XCConfigurationList section */
		8468028D247C2AF600265052 /* Build configuration list for PBXProject "prime-numbers" */ = {
			isa = XCConfigurationList;
			buildConfigurations = (
				846802A7247C2B0F00265052 /* Debug */,
				846802A8247C2B0F00265052 /* Release */,
			);
			defaultConfigurationIsVisible = 0;
			defaultConfigurationName = Release;
		};
		846802A9247C2B0F00265052 /* Build configuration list for PBXNativeTarget "prime-numbers" */ = {
			isa = XCConfigurationList;
			buildConfigurations = (
				846802AA247C2B0F00265052 /* Debug */,
				846802AB247C2B0F00265052 /* Release */,
			);
			defaultConfigurationIsVisible = 0;
			defaultConfigurationName = Release;
		};
/* End XCConfigurationList section */

/* Begin XCVersionGroup section */
		8468029E247C2AF700265052 /* prime_numbers.xcdatamodeld */ = {
			isa = XCVersionGroup;
			children = (
				8468029F247C2AF700265052 /* prime_numbers.xcdatamodel */,
			);
			currentVersion = 8468029F247C2AF700265052 /* prime_numbers.xcdatamodel */;
			path = prime_numbers.xcdatamodeld;
			sourceTree = "<group>";
			versionGroupType = wrapper.xcdatamodel;
		};
/* End XCVersionGroup section */
	};
	rootObject = 8468028A247C2AF600265052 /* Project object */;
}
