// !$*UTF8*$!
{
	archiveVersion = 1;
	classes = {
	};
	objectVersion = 52;
	objects = {

/* Begin PBXBuildFile section */
		8468027E247BBE6700265052 /* DrinkViewController.swift in Sources */ = {isa = PBXBuildFile; fileRef = 8468027D247BBE6700265052 /* DrinkViewController.swift */; };
		84680280247BCE6C00265052 /* IngredientTableViewCell.swift in Sources */ = {isa = PBXBuildFile; fileRef = 8468027F247BCE6C00265052 /* IngredientTableViewCell.swift */; };
		84680282247BDB9500265052 /* TagCollectionViewCell.swift in Sources */ = {isa = PBXBuildFile; fileRef = 84680281247BDB9500265052 /* TagCollectionViewCell.swift */; };
		84680284247C0F5A00265052 /* CategoryCollectionViewCell.swift in Sources */ = {isa = PBXBuildFile; fileRef = 84680283247C0F5A00265052 /* CategoryCollectionViewCell.swift */; };
		84680286247C1F5700265052 /* CategoryViewController.swift in Sources */ = {isa = PBXBuildFile; fileRef = 84680285247C1F5700265052 /* CategoryViewController.swift */; };
		84680288247C1FE700265052 /* CategoryListCollectionViewCell.swift in Sources */ = {isa = PBXBuildFile; fileRef = 84680287247C1FE700265052 /* CategoryListCollectionViewCell.swift */; };
		848D48A724792F4D0066D6B9 /* SignInViewController.swift in Sources */ = {isa = PBXBuildFile; fileRef = 848D48A624792F4D0066D6B9 /* SignInViewController.swift */; };
		848D48A924792F640066D6B9 /* SignUpViewController.swift in Sources */ = {isa = PBXBuildFile; fileRef = 848D48A824792F640066D6B9 /* SignUpViewController.swift */; };
		848D48AB247934060066D6B9 /* UDManager.swift in Sources */ = {isa = PBXBuildFile; fileRef = 848D48AA247934060066D6B9 /* UDManager.swift */; };
		848D48AD247994490066D6B9 /* APIServices.swift in Sources */ = {isa = PBXBuildFile; fileRef = 848D48AC247994470066D6B9 /* APIServices.swift */; };
		848D48B0247994ED0066D6B9 /* Drink.swift in Sources */ = {isa = PBXBuildFile; fileRef = 848D48AF247994ED0066D6B9 /* Drink.swift */; };
		848D48B42479A6230066D6B9 /* HomeViewController.swift in Sources */ = {isa = PBXBuildFile; fileRef = 848D48B32479A6230066D6B9 /* HomeViewController.swift */; };
		848D48B62479A8E00066D6B9 /* DrinkCollectionViewCell.swift in Sources */ = {isa = PBXBuildFile; fileRef = 848D48B52479A8E00066D6B9 /* DrinkCollectionViewCell.swift */; };
		848D8AD224790B850021F271 /* AppDelegate.swift in Sources */ = {isa = PBXBuildFile; fileRef = 848D8AD124790B850021F271 /* AppDelegate.swift */; };
		848D8AD424790B850021F271 /* SceneDelegate.swift in Sources */ = {isa = PBXBuildFile; fileRef = 848D8AD324790B850021F271 /* SceneDelegate.swift */; };
		848D8AD624790B850021F271 /* ViewController.swift in Sources */ = {isa = PBXBuildFile; fileRef = 848D8AD524790B850021F271 /* ViewController.swift */; };
		848D8AD924790B850021F271 /* Main.storyboard in Resources */ = {isa = PBXBuildFile; fileRef = 848D8AD724790B850021F271 /* Main.storyboard */; };
		848D8ADC24790B850021F271 /* TheCocktailDB.xcdatamodeld in Sources */ = {isa = PBXBuildFile; fileRef = 848D8ADA24790B850021F271 /* TheCocktailDB.xcdatamodeld */; };
		848D8ADE24790B8E0021F271 /* Assets.xcassets in Resources */ = {isa = PBXBuildFile; fileRef = 848D8ADD24790B8E0021F271 /* Assets.xcassets */; };
		848D8AE124790B8E0021F271 /* LaunchScreen.storyboard in Resources */ = {isa = PBXBuildFile; fileRef = 848D8ADF24790B8E0021F271 /* LaunchScreen.storyboard */; };
		84972268247ADDC600438627 /* Kingfisher in Frameworks */ = {isa = PBXBuildFile; productRef = 84972267247ADDC600438627 /* Kingfisher */; };
/* End PBXBuildFile section */

/* Begin PBXFileReference section */
		8468027D247BBE6700265052 /* DrinkViewController.swift */ = {isa = PBXFileReference; lastKnownFileType = sourcecode.swift; path = DrinkViewController.swift; sourceTree = "<group>"; };
		8468027F247BCE6C00265052 /* IngredientTableViewCell.swift */ = {isa = PBXFileReference; lastKnownFileType = sourcecode.swift; path = IngredientTableViewCell.swift; sourceTree = "<group>"; };
		84680281247BDB9500265052 /* TagCollectionViewCell.swift */ = {isa = PBXFileReference; lastKnownFileType = sourcecode.swift; path = TagCollectionViewCell.swift; sourceTree = "<group>"; };
		84680283247C0F5A00265052 /* CategoryCollectionViewCell.swift */ = {isa = PBXFileReference; lastKnownFileType = sourcecode.swift; path = CategoryCollectionViewCell.swift; sourceTree = "<group>"; };
		84680285247C1F5700265052 /* CategoryViewController.swift */ = {isa = PBXFileReference; lastKnownFileType = sourcecode.swift; path = CategoryViewController.swift; sourceTree = "<group>"; };
		84680287247C1FE700265052 /* CategoryListCollectionViewCell.swift */ = {isa = PBXFileReference; lastKnownFileType = sourcecode.swift; path = CategoryListCollectionViewCell.swift; sourceTree = "<group>"; };
		848D48A624792F4D0066D6B9 /* SignInViewController.swift */ = {isa = PBXFileReference; lastKnownFileType = sourcecode.swift; path = SignInViewController.swift; sourceTree = "<group>"; };
		848D48A824792F640066D6B9 /* SignUpViewController.swift */ = {isa = PBXFileReference; lastKnownFileType = sourcecode.swift; path = SignUpViewController.swift; sourceTree = "<group>"; };
		848D48AA247934060066D6B9 /* UDManager.swift */ = {isa = PBXFileReference; lastKnownFileType = sourcecode.swift; path = UDManager.swift; sourceTree = "<group>"; };
		848D48AC247994470066D6B9 /* APIServices.swift */ = {isa = PBXFileReference; lastKnownFileType = sourcecode.swift; path = APIServices.swift; sourceTree = "<group>"; };
		848D48AF247994ED0066D6B9 /* Drink.swift */ = {isa = PBXFileReference; lastKnownFileType = sourcecode.swift; path = Drink.swift; sourceTree = "<group>"; };
		848D48B32479A6230066D6B9 /* HomeViewController.swift */ = {isa = PBXFileReference; lastKnownFileType = sourcecode.swift; path = HomeViewController.swift; sourceTree = "<group>"; };
		848D48B52479A8E00066D6B9 /* DrinkCollectionViewCell.swift */ = {isa = PBXFileReference; lastKnownFileType = sourcecode.swift; path = DrinkCollectionViewCell.swift; sourceTree = "<group>"; };
		848D8ACE24790B850021F271 /* TheCocktailDB.app */ = {isa = PBXFileReference; explicitFileType = wrapper.application; includeInIndex = 0; path = TheCocktailDB.app; sourceTree = BUILT_PRODUCTS_DIR; };
		848D8AD124790B850021F271 /* AppDelegate.swift */ = {isa = PBXFileReference; lastKnownFileType = sourcecode.swift; path = AppDelegate.swift; sourceTree = "<group>"; };
		848D8AD324790B850021F271 /* SceneDelegate.swift */ = {isa = PBXFileReference; lastKnownFileType = sourcecode.swift; path = SceneDelegate.swift; sourceTree = "<group>"; };
		848D8AD524790B850021F271 /* ViewController.swift */ = {isa = PBXFileReference; lastKnownFileType = sourcecode.swift; path = ViewController.swift; sourceTree = "<group>"; };
		848D8AD824790B850021F271 /* Base */ = {isa = PBXFileReference; lastKnownFileType = file.storyboard; name = Base; path = Base.lproj/Main.storyboard; sourceTree = "<group>"; };
		848D8ADB24790B850021F271 /* TheCocktailDB.xcdatamodel */ = {isa = PBXFileReference; lastKnownFileType = wrapper.xcdatamodel; path = TheCocktailDB.xcdatamodel; sourceTree = "<group>"; };
		848D8ADD24790B8E0021F271 /* Assets.xcassets */ = {isa = PBXFileReference; lastKnownFileType = folder.assetcatalog; path = Assets.xcassets; sourceTree = "<group>"; };
		848D8AE024790B8E0021F271 /* Base */ = {isa = PBXFileReference; lastKnownFileType = file.storyboard; name = Base; path = Base.lproj/LaunchScreen.storyboard; sourceTree = "<group>"; };
		848D8AE224790B8E0021F271 /* Info.plist */ = {isa = PBXFileReference; lastKnownFileType = text.plist.xml; path = Info.plist; sourceTree = "<group>"; };
/* End PBXFileReference section */

/* Begin PBXFrameworksBuildPhase section */
		848D8ACB24790B850021F271 /* Frameworks */ = {
			isa = PBXFrameworksBuildPhase;
			buildActionMask = 2147483647;
			files = (
				84972268247ADDC600438627 /* Kingfisher in Frameworks */,
			);
			runOnlyForDeploymentPostprocessing = 0;
		};
/* End PBXFrameworksBuildPhase section */

/* Begin PBXGroup section */
		8468027C247BBE4000265052 /* Controllers */ = {
			isa = PBXGroup;
			children = (
				8468027D247BBE6700265052 /* DrinkViewController.swift */,
				84680285247C1F5700265052 /* CategoryViewController.swift */,
			);
			path = Controllers;
			sourceTree = "<group>";
		};
		848D48A524792F120066D6B9 /* authorization */ = {
			isa = PBXGroup;
			children = (
				848D48A624792F4D0066D6B9 /* SignInViewController.swift */,
				848D48A824792F640066D6B9 /* SignUpViewController.swift */,
				848D48AA247934060066D6B9 /* UDManager.swift */,
			);
			path = authorization;
			sourceTree = "<group>";
		};
		848D48AE247994DB0066D6B9 /* Models */ = {
			isa = PBXGroup;
			children = (
				848D48AF247994ED0066D6B9 /* Drink.swift */,
				8468027F247BCE6C00265052 /* IngredientTableViewCell.swift */,
				84680281247BDB9500265052 /* TagCollectionViewCell.swift */,
				84680283247C0F5A00265052 /* CategoryCollectionViewCell.swift */,
				84680287247C1FE700265052 /* CategoryListCollectionViewCell.swift */,
			);
			path = Models;
			sourceTree = "<group>";
		};
		848D48B12479A5E00066D6B9 /* Tabs */ = {
			isa = PBXGroup;
			children = (
				848D48B22479A6050066D6B9 /* Home */,
			);
			path = Tabs;
			sourceTree = "<group>";
		};
		848D48B22479A6050066D6B9 /* Home */ = {
			isa = PBXGroup;
			children = (
				848D48B32479A6230066D6B9 /* HomeViewController.swift */,
				848D48B52479A8E00066D6B9 /* DrinkCollectionViewCell.swift */,
			);
			path = Home;
			sourceTree = "<group>";
		};
		848D8AC524790B850021F271 = {
			isa = PBXGroup;
			children = (
				848D8AD024790B850021F271 /* TheCocktailDB */,
				848D8ACF24790B850021F271 /* Products */,
			);
			sourceTree = "<group>";
		};
		848D8ACF24790B850021F271 /* Products */ = {
			isa = PBXGroup;
			children = (
				848D8ACE24790B850021F271 /* TheCocktailDB.app */,
			);
			name = Products;
			sourceTree = "<group>";
		};
		848D8AD024790B850021F271 /* TheCocktailDB */ = {
			isa = PBXGroup;
			children = (
				8468027C247BBE4000265052 /* Controllers */,
				848D48B12479A5E00066D6B9 /* Tabs */,
				848D48AE247994DB0066D6B9 /* Models */,
				848D48A524792F120066D6B9 /* authorization */,
				848D8AD124790B850021F271 /* AppDelegate.swift */,
				848D8AD324790B850021F271 /* SceneDelegate.swift */,
				848D8AD524790B850021F271 /* ViewController.swift */,
				848D8AD724790B850021F271 /* Main.storyboard */,
				848D8ADD24790B8E0021F271 /* Assets.xcassets */,
				848D8ADF24790B8E0021F271 /* LaunchScreen.storyboard */,
				848D8AE224790B8E0021F271 /* Info.plist */,
				848D8ADA24790B850021F271 /* TheCocktailDB.xcdatamodeld */,
				848D48AC247994470066D6B9 /* APIServices.swift */,
			);
			path = TheCocktailDB;
			sourceTree = "<group>";
		};
/* End PBXGroup section */

/* Begin PBXNativeTarget section */
		848D8ACD24790B850021F271 /* TheCocktailDB */ = {
			isa = PBXNativeTarget;
			buildConfigurationList = 848D8AE524790B8E0021F271 /* Build configuration list for PBXNativeTarget "TheCocktailDB" */;
			buildPhases = (
				848D8ACA24790B850021F271 /* Sources */,
				848D8ACB24790B850021F271 /* Frameworks */,
				848D8ACC24790B850021F271 /* Resources */,
			);
			buildRules = (
			);
			dependencies = (
			);
			name = TheCocktailDB;
			packageProductDependencies = (
				84972267247ADDC600438627 /* Kingfisher */,
			);
			productName = TheCocktailDB;
			productReference = 848D8ACE24790B850021F271 /* TheCocktailDB.app */;
			productType = "com.apple.product-type.application";
		};
/* End PBXNativeTarget section */

/* Begin PBXProject section */
		848D8AC624790B850021F271 /* Project object */ = {
			isa = PBXProject;
			attributes = {
				LastSwiftUpdateCheck = 1140;
				LastUpgradeCheck = 1140;
				ORGANIZATIONNAME = "Mishka TBC";
				TargetAttributes = {
					848D8ACD24790B850021F271 = {
						CreatedOnToolsVersion = 11.4.1;
					};
				};
			};
			buildConfigurationList = 848D8AC924790B850021F271 /* Build configuration list for PBXProject "TheCocktailDB" */;
			compatibilityVersion = "Xcode 9.3";
			developmentRegion = en;
			hasScannedForEncodings = 0;
			knownRegions = (
				en,
				Base,
			);
			mainGroup = 848D8AC524790B850021F271;
			packageReferences = (
				84972266247ADDC600438627 /* XCRemoteSwiftPackageReference "Kingfisher" */,
			);
			productRefGroup = 848D8ACF24790B850021F271 /* Products */;
			projectDirPath = "";
			projectRoot = "";
			targets = (
				848D8ACD24790B850021F271 /* TheCocktailDB */,
			);
		};
/* End PBXProject section */

/* Begin PBXResourcesBuildPhase section */
		848D8ACC24790B850021F271 /* Resources */ = {
			isa = PBXResourcesBuildPhase;
			buildActionMask = 2147483647;
			files = (
				848D8AE124790B8E0021F271 /* LaunchScreen.storyboard in Resources */,
				848D8ADE24790B8E0021F271 /* Assets.xcassets in Resources */,
				848D8AD924790B850021F271 /* Main.storyboard in Resources */,
			);
			runOnlyForDeploymentPostprocessing = 0;
		};
/* End PBXResourcesBuildPhase section */

/* Begin PBXSourcesBuildPhase section */
		848D8ACA24790B850021F271 /* Sources */ = {
			isa = PBXSourcesBuildPhase;
			buildActionMask = 2147483647;
			files = (
				84680288247C1FE700265052 /* CategoryListCollectionViewCell.swift in Sources */,
				848D48AB247934060066D6B9 /* UDManager.swift in Sources */,
				84680284247C0F5A00265052 /* CategoryCollectionViewCell.swift in Sources */,
				848D48B0247994ED0066D6B9 /* Drink.swift in Sources */,
				848D48B62479A8E00066D6B9 /* DrinkCollectionViewCell.swift in Sources */,
				84680286247C1F5700265052 /* CategoryViewController.swift in Sources */,
				84680282247BDB9500265052 /* TagCollectionViewCell.swift in Sources */,
				8468027E247BBE6700265052 /* DrinkViewController.swift in Sources */,
				848D48A924792F640066D6B9 /* SignUpViewController.swift in Sources */,
				848D48AD247994490066D6B9 /* APIServices.swift in Sources */,
				84680280247BCE6C00265052 /* IngredientTableViewCell.swift in Sources */,
				848D8AD624790B850021F271 /* ViewController.swift in Sources */,
				848D48B42479A6230066D6B9 /* HomeViewController.swift in Sources */,
				848D8AD224790B850021F271 /* AppDelegate.swift in Sources */,
				848D8AD424790B850021F271 /* SceneDelegate.swift in Sources */,
				848D48A724792F4D0066D6B9 /* SignInViewController.swift in Sources */,
				848D8ADC24790B850021F271 /* TheCocktailDB.xcdatamodeld in Sources */,
			);
			runOnlyForDeploymentPostprocessing = 0;
		};
/* End PBXSourcesBuildPhase section */

/* Begin PBXVariantGroup section */
		848D8AD724790B850021F271 /* Main.storyboard */ = {
			isa = PBXVariantGroup;
			children = (
				848D8AD824790B850021F271 /* Base */,
			);
			name = Main.storyboard;
			sourceTree = "<group>";
		};
		848D8ADF24790B8E0021F271 /* LaunchScreen.storyboard */ = {
			isa = PBXVariantGroup;
			children = (
				848D8AE024790B8E0021F271 /* Base */,
			);
			name = LaunchScreen.storyboard;
			sourceTree = "<group>";
		};
/* End PBXVariantGroup section */

/* Begin XCBuildConfiguration section */
		848D8AE324790B8E0021F271 /* Debug */ = {
			isa = XCBuildConfiguration;
			buildSettings = {
				ALWAYS_SEARCH_USER_PATHS = NO;
				CLANG_ANALYZER_NONNULL = YES;
				CLANG_ANALYZER_NUMBER_OBJECT_CONVERSION = YES_AGGRESSIVE;
				CLANG_CXX_LANGUAGE_STANDARD = "gnu++14";
				CLANG_CXX_LIBRARY = "libc++";
				CLANG_ENABLE_MODULES = YES;
				CLANG_ENABLE_OBJC_ARC = YES;
				CLANG_ENABLE_OBJC_WEAK = YES;
				CLANG_WARN_BLOCK_CAPTURE_AUTORELEASING = YES;
				CLANG_WARN_BOOL_CONVERSION = YES;
				CLANG_WARN_COMMA = YES;
				CLANG_WARN_CONSTANT_CONVERSION = YES;
				CLANG_WARN_DEPRECATED_OBJC_IMPLEMENTATIONS = YES;
				CLANG_WARN_DIRECT_OBJC_ISA_USAGE = YES_ERROR;
				CLANG_WARN_DOCUMENTATION_COMMENTS = YES;
				CLANG_WARN_EMPTY_BODY = YES;
				CLANG_WARN_ENUM_CONVERSION = YES;
				CLANG_WARN_INFINITE_RECURSION = YES;
				CLANG_WARN_INT_CONVERSION = YES;
				CLANG_WARN_NON_LITERAL_NULL_CONVERSION = YES;
				CLANG_WARN_OBJC_IMPLICIT_RETAIN_SELF = YES;
				CLANG_WARN_OBJC_LITERAL_CONVERSION = YES;
				CLANG_WARN_OBJC_ROOT_CLASS = YES_ERROR;
				CLANG_WARN_RANGE_LOOP_ANALYSIS = YES;
				CLANG_WARN_STRICT_PROTOTYPES = YES;
				CLANG_WARN_SUSPICIOUS_MOVE = YES;
				CLANG_WARN_UNGUARDED_AVAILABILITY = YES_AGGRESSIVE;
				CLANG_WARN_UNREACHABLE_CODE = YES;
				CLANG_WARN__DUPLICATE_METHOD_MATCH = YES;
				COPY_PHASE_STRIP = NO;
				DEBUG_INFORMATION_FORMAT = dwarf;
				ENABLE_STRICT_OBJC_MSGSEND = YES;
				ENABLE_TESTABILITY = YES;
				GCC_C_LANGUAGE_STANDARD = gnu11;
				GCC_DYNAMIC_NO_PIC = NO;
				GCC_NO_COMMON_BLOCKS = YES;
				GCC_OPTIMIZATION_LEVEL = 0;
				GCC_PREPROCESSOR_DEFINITIONS = (
					"DEBUG=1",
					"$(inherited)",
				);
				GCC_WARN_64_TO_32_BIT_CONVERSION = YES;
				GCC_WARN_ABOUT_RETURN_TYPE = YES_ERROR;
				GCC_WARN_UNDECLARED_SELECTOR = YES;
				GCC_WARN_UNINITIALIZED_AUTOS = YES_AGGRESSIVE;
				GCC_WARN_UNUSED_FUNCTION = YES;
				GCC_WARN_UNUSED_VARIABLE = YES;
				IPHONEOS_DEPLOYMENT_TARGET = 13.4;
				MTL_ENABLE_DEBUG_INFO = INCLUDE_SOURCE;
				MTL_FAST_MATH = YES;
				ONLY_ACTIVE_ARCH = YES;
				SDKROOT = iphoneos;
				SWIFT_ACTIVE_COMPILATION_CONDITIONS = DEBUG;
				SWIFT_OPTIMIZATION_LEVEL = "-Onone";
			};
			name = Debug;
		};
		848D8AE424790B8E0021F271 /* Release */ = {
			isa = XCBuildConfiguration;
			buildSettings = {
				ALWAYS_SEARCH_USER_PATHS = NO;
				CLANG_ANALYZER_NONNULL = YES;
				CLANG_ANALYZER_NUMBER_OBJECT_CONVERSION = YES_AGGRESSIVE;
				CLANG_CXX_LANGUAGE_STANDARD = "gnu++14";
				CLANG_CXX_LIBRARY = "libc++";
				CLANG_ENABLE_MODULES = YES;
				CLANG_ENABLE_OBJC_ARC = YES;
				CLANG_ENABLE_OBJC_WEAK = YES;
				CLANG_WARN_BLOCK_CAPTURE_AUTORELEASING = YES;
				CLANG_WARN_BOOL_CONVERSION = YES;
				CLANG_WARN_COMMA = YES;
				CLANG_WARN_CONSTANT_CONVERSION = YES;
				CLANG_WARN_DEPRECATED_OBJC_IMPLEMENTATIONS = YES;
				CLANG_WARN_DIRECT_OBJC_ISA_USAGE = YES_ERROR;
				CLANG_WARN_DOCUMENTATION_COMMENTS = YES;
				CLANG_WARN_EMPTY_BODY = YES;
				CLANG_WARN_ENUM_CONVERSION = YES;
				CLANG_WARN_INFINITE_RECURSION = YES;
				CLANG_WARN_INT_CONVERSION = YES;
				CLANG_WARN_NON_LITERAL_NULL_CONVERSION = YES;
				CLANG_WARN_OBJC_IMPLICIT_RETAIN_SELF = YES;
				CLANG_WARN_OBJC_LITERAL_CONVERSION = YES;
				CLANG_WARN_OBJC_ROOT_CLASS = YES_ERROR;
				CLANG_WARN_RANGE_LOOP_ANALYSIS = YES;
				CLANG_WARN_STRICT_PROTOTYPES = YES;
				CLANG_WARN_SUSPICIOUS_MOVE = YES;
				CLANG_WARN_UNGUARDED_AVAILABILITY = YES_AGGRESSIVE;
				CLANG_WARN_UNREACHABLE_CODE = YES;
				CLANG_WARN__DUPLICATE_METHOD_MATCH = YES;
				COPY_PHASE_STRIP = NO;
				DEBUG_INFORMATION_FORMAT = "dwarf-with-dsym";
				ENABLE_NS_ASSERTIONS = NO;
				ENABLE_STRICT_OBJC_MSGSEND = YES;
				GCC_C_LANGUAGE_STANDARD = gnu11;
				GCC_NO_COMMON_BLOCKS = YES;
				GCC_WARN_64_TO_32_BIT_CONVERSION = YES;
				GCC_WARN_ABOUT_RETURN_TYPE = YES_ERROR;
				GCC_WARN_UNDECLARED_SELECTOR = YES;
				GCC_WARN_UNINITIALIZED_AUTOS = YES_AGGRESSIVE;
				GCC_WARN_UNUSED_FUNCTION = YES;
				GCC_WARN_UNUSED_VARIABLE = YES;
				IPHONEOS_DEPLOYMENT_TARGET = 13.4;
				MTL_ENABLE_DEBUG_INFO = NO;
				MTL_FAST_MATH = YES;
				SDKROOT = iphoneos;
				SWIFT_COMPILATION_MODE = wholemodule;
				SWIFT_OPTIMIZATION_LEVEL = "-O";
				VALIDATE_PRODUCT = YES;
			};
			name = Release;
		};
		848D8AE624790B8E0021F271 /* Debug */ = {
			isa = XCBuildConfiguration;
			buildSettings = {
				ASSETCATALOG_COMPILER_APPICON_NAME = AppIcon;
				CODE_SIGN_STYLE = Automatic;
				INFOPLIST_FILE = TheCocktailDB/Info.plist;
				LD_RUNPATH_SEARCH_PATHS = (
					"$(inherited)",
					"@executable_path/Frameworks",
				);
				PRODUCT_BUNDLE_IDENTIFIER = mishka.tbc.TheCocktailDB;
				PRODUCT_NAME = "$(TARGET_NAME)";
				SWIFT_VERSION = 5.0;
				TARGETED_DEVICE_FAMILY = "1,2";
			};
			name = Debug;
		};
		848D8AE724790B8E0021F271 /* Release */ = {
			isa = XCBuildConfiguration;
			buildSettings = {
				ASSETCATALOG_COMPILER_APPICON_NAME = AppIcon;
				CODE_SIGN_STYLE = Automatic;
				INFOPLIST_FILE = TheCocktailDB/Info.plist;
				LD_RUNPATH_SEARCH_PATHS = (
					"$(inherited)",
					"@executable_path/Frameworks",
				);
				PRODUCT_BUNDLE_IDENTIFIER = mishka.tbc.TheCocktailDB;
				PRODUCT_NAME = "$(TARGET_NAME)";
				SWIFT_VERSION = 5.0;
				TARGETED_DEVICE_FAMILY = "1,2";
			};
			name = Release;
		};
/* End XCBuildConfiguration section */

/* Begin XCConfigurationList section */
		848D8AC924790B850021F271 /* Build configuration list for PBXProject "TheCocktailDB" */ = {
			isa = XCConfigurationList;
			buildConfigurations = (
				848D8AE324790B8E0021F271 /* Debug */,
				848D8AE424790B8E0021F271 /* Release */,
			);
			defaultConfigurationIsVisible = 0;
			defaultConfigurationName = Release;
		};
		848D8AE524790B8E0021F271 /* Build configuration list for PBXNativeTarget "TheCocktailDB" */ = {
			isa = XCConfigurationList;
			buildConfigurations = (
				848D8AE624790B8E0021F271 /* Debug */,
				848D8AE724790B8E0021F271 /* Release */,
			);
			defaultConfigurationIsVisible = 0;
			defaultConfigurationName = Release;
		};
/* End XCConfigurationList section */

/* Begin XCRemoteSwiftPackageReference section */
		84972266247ADDC600438627 /* XCRemoteSwiftPackageReference "Kingfisher" */ = {
			isa = XCRemoteSwiftPackageReference;
			repositoryURL = "https://github.com/onevcat/Kingfisher";
			requirement = {
				kind = upToNextMajorVersion;
				minimumVersion = 5.14.0;
			};
		};
/* End XCRemoteSwiftPackageReference section */

/* Begin XCSwiftPackageProductDependency section */
		84972267247ADDC600438627 /* Kingfisher */ = {
			isa = XCSwiftPackageProductDependency;
			package = 84972266247ADDC600438627 /* XCRemoteSwiftPackageReference "Kingfisher" */;
			productName = Kingfisher;
		};
/* End XCSwiftPackageProductDependency section */

/* Begin XCVersionGroup section */
		848D8ADA24790B850021F271 /* TheCocktailDB.xcdatamodeld */ = {
			isa = XCVersionGroup;
			children = (
				848D8ADB24790B850021F271 /* TheCocktailDB.xcdatamodel */,
			);
			currentVersion = 848D8ADB24790B850021F271 /* TheCocktailDB.xcdatamodel */;
			path = TheCocktailDB.xcdatamodeld;
			sourceTree = "<group>";
			versionGroupType = wrapper.xcdatamodel;
		};
/* End XCVersionGroup section */
	};
	rootObject = 848D8AC624790B850021F271 /* Project object */;
}
