// !$*UTF8*$!
{
	archiveVersion = 1;
	classes = {
	};
	objectVersion = 50;
	objects = {

/* Begin PBXBuildFile section */
		84867F6B246E9A11000E1FD6 /* AppDelegate.swift in Sources */ = {isa = PBXBuildFile; fileRef = 84867F6A246E9A11000E1FD6 /* AppDelegate.swift */; };
		84867F6D246E9A11000E1FD6 /* SceneDelegate.swift in Sources */ = {isa = PBXBuildFile; fileRef = 84867F6C246E9A11000E1FD6 /* SceneDelegate.swift */; };
		84867F6F246E9A11000E1FD6 /* ViewController.swift in Sources */ = {isa = PBXBuildFile; fileRef = 84867F6E246E9A11000E1FD6 /* ViewController.swift */; };
		84867F72246E9A12000E1FD6 /* Main.storyboard in Resources */ = {isa = PBXBuildFile; fileRef = 84867F70246E9A12000E1FD6 /* Main.storyboard */; };
		84867F75246E9A12000E1FD6 /* postbook.xcdatamodeld in Sources */ = {isa = PBXBuildFile; fileRef = 84867F73246E9A12000E1FD6 /* postbook.xcdatamodeld */; };
		84867F77246E9A20000E1FD6 /* Assets.xcassets in Resources */ = {isa = PBXBuildFile; fileRef = 84867F76246E9A20000E1FD6 /* Assets.xcassets */; };
		84867F7A246E9A20000E1FD6 /* LaunchScreen.storyboard in Resources */ = {isa = PBXBuildFile; fileRef = 84867F78246E9A20000E1FD6 /* LaunchScreen.storyboard */; };
		84867F82246EC9D9000E1FD6 /* signUpViewController.swift in Sources */ = {isa = PBXBuildFile; fileRef = 84867F81246EC9D8000E1FD6 /* signUpViewController.swift */; };
		84867F84246ED219000E1FD6 /* UDManager.swift in Sources */ = {isa = PBXBuildFile; fileRef = 84867F83246ED219000E1FD6 /* UDManager.swift */; };
		84867F86246ED2F3000E1FD6 /* homePageViewController.swift in Sources */ = {isa = PBXBuildFile; fileRef = 84867F85246ED2F3000E1FD6 /* homePageViewController.swift */; };
		84867F88246ED30A000E1FD6 /* postTableViewCell.swift in Sources */ = {isa = PBXBuildFile; fileRef = 84867F87246ED30A000E1FD6 /* postTableViewCell.swift */; };
		84867F8A246ED321000E1FD6 /* addPostViewController.swift in Sources */ = {isa = PBXBuildFile; fileRef = 84867F89246ED321000E1FD6 /* addPostViewController.swift */; };
		84867F8C246EE1A3000E1FD6 /* tabViewController.swift in Sources */ = {isa = PBXBuildFile; fileRef = 84867F8B246EE1A3000E1FD6 /* tabViewController.swift */; };
		84867F90246EEE3F000E1FD6 /* profileViewController.swift in Sources */ = {isa = PBXBuildFile; fileRef = 84867F8F246EEE3F000E1FD6 /* profileViewController.swift */; };
		84867F92246F22A0000E1FD6 /* settingsViewController.swift in Sources */ = {isa = PBXBuildFile; fileRef = 84867F91246F22A0000E1FD6 /* settingsViewController.swift */; };
/* End PBXBuildFile section */

/* Begin PBXFileReference section */
		84867F67246E9A11000E1FD6 /* postbook.app */ = {isa = PBXFileReference; explicitFileType = wrapper.application; includeInIndex = 0; path = postbook.app; sourceTree = BUILT_PRODUCTS_DIR; };
		84867F6A246E9A11000E1FD6 /* AppDelegate.swift */ = {isa = PBXFileReference; lastKnownFileType = sourcecode.swift; path = AppDelegate.swift; sourceTree = "<group>"; };
		84867F6C246E9A11000E1FD6 /* SceneDelegate.swift */ = {isa = PBXFileReference; lastKnownFileType = sourcecode.swift; path = SceneDelegate.swift; sourceTree = "<group>"; };
		84867F6E246E9A11000E1FD6 /* ViewController.swift */ = {isa = PBXFileReference; lastKnownFileType = sourcecode.swift; path = ViewController.swift; sourceTree = "<group>"; };
		84867F71246E9A12000E1FD6 /* Base */ = {isa = PBXFileReference; lastKnownFileType = file.storyboard; name = Base; path = Base.lproj/Main.storyboard; sourceTree = "<group>"; };
		84867F74246E9A12000E1FD6 /* postbook.xcdatamodel */ = {isa = PBXFileReference; lastKnownFileType = wrapper.xcdatamodel; path = postbook.xcdatamodel; sourceTree = "<group>"; };
		84867F76246E9A20000E1FD6 /* Assets.xcassets */ = {isa = PBXFileReference; lastKnownFileType = folder.assetcatalog; path = Assets.xcassets; sourceTree = "<group>"; };
		84867F79246E9A20000E1FD6 /* Base */ = {isa = PBXFileReference; lastKnownFileType = file.storyboard; name = Base; path = Base.lproj/LaunchScreen.storyboard; sourceTree = "<group>"; };
		84867F7B246E9A20000E1FD6 /* Info.plist */ = {isa = PBXFileReference; lastKnownFileType = text.plist.xml; path = Info.plist; sourceTree = "<group>"; };
		84867F81246EC9D8000E1FD6 /* signUpViewController.swift */ = {isa = PBXFileReference; lastKnownFileType = sourcecode.swift; path = signUpViewController.swift; sourceTree = "<group>"; };
		84867F83246ED219000E1FD6 /* UDManager.swift */ = {isa = PBXFileReference; lastKnownFileType = sourcecode.swift; path = UDManager.swift; sourceTree = "<group>"; };
		84867F85246ED2F3000E1FD6 /* homePageViewController.swift */ = {isa = PBXFileReference; lastKnownFileType = sourcecode.swift; path = homePageViewController.swift; sourceTree = "<group>"; };
		84867F87246ED30A000E1FD6 /* postTableViewCell.swift */ = {isa = PBXFileReference; lastKnownFileType = sourcecode.swift; path = postTableViewCell.swift; sourceTree = "<group>"; };
		84867F89246ED321000E1FD6 /* addPostViewController.swift */ = {isa = PBXFileReference; lastKnownFileType = sourcecode.swift; path = addPostViewController.swift; sourceTree = "<group>"; };
		84867F8B246EE1A3000E1FD6 /* tabViewController.swift */ = {isa = PBXFileReference; lastKnownFileType = sourcecode.swift; path = tabViewController.swift; sourceTree = "<group>"; };
		84867F8F246EEE3F000E1FD6 /* profileViewController.swift */ = {isa = PBXFileReference; lastKnownFileType = sourcecode.swift; path = profileViewController.swift; sourceTree = "<group>"; };
		84867F91246F22A0000E1FD6 /* settingsViewController.swift */ = {isa = PBXFileReference; lastKnownFileType = sourcecode.swift; path = settingsViewController.swift; sourceTree = "<group>"; };
/* End PBXFileReference section */

/* Begin PBXFrameworksBuildPhase section */
		84867F64246E9A11000E1FD6 /* Frameworks */ = {
			isa = PBXFrameworksBuildPhase;
			buildActionMask = 2147483647;
			files = (
			);
			runOnlyForDeploymentPostprocessing = 0;
		};
/* End PBXFrameworksBuildPhase section */

/* Begin PBXGroup section */
		84867F5E246E9A11000E1FD6 = {
			isa = PBXGroup;
			children = (
				84867F69246E9A11000E1FD6 /* postbook */,
				84867F68246E9A11000E1FD6 /* Products */,
			);
			sourceTree = "<group>";
		};
		84867F68246E9A11000E1FD6 /* Products */ = {
			isa = PBXGroup;
			children = (
				84867F67246E9A11000E1FD6 /* postbook.app */,
			);
			name = Products;
			sourceTree = "<group>";
		};
		84867F69246E9A11000E1FD6 /* postbook */ = {
			isa = PBXGroup;
			children = (
				84867F6A246E9A11000E1FD6 /* AppDelegate.swift */,
				84867F6C246E9A11000E1FD6 /* SceneDelegate.swift */,
				84867F6E246E9A11000E1FD6 /* ViewController.swift */,
				84867F70246E9A12000E1FD6 /* Main.storyboard */,
				84867F76246E9A20000E1FD6 /* Assets.xcassets */,
				84867F78246E9A20000E1FD6 /* LaunchScreen.storyboard */,
				84867F7B246E9A20000E1FD6 /* Info.plist */,
				84867F73246E9A12000E1FD6 /* postbook.xcdatamodeld */,
				84867F81246EC9D8000E1FD6 /* signUpViewController.swift */,
				84867F83246ED219000E1FD6 /* UDManager.swift */,
				84867F85246ED2F3000E1FD6 /* homePageViewController.swift */,
				84867F87246ED30A000E1FD6 /* postTableViewCell.swift */,
				84867F89246ED321000E1FD6 /* addPostViewController.swift */,
				84867F8B246EE1A3000E1FD6 /* tabViewController.swift */,
				84867F8F246EEE3F000E1FD6 /* profileViewController.swift */,
				84867F91246F22A0000E1FD6 /* settingsViewController.swift */,
			);
			path = postbook;
			sourceTree = "<group>";
		};
/* End PBXGroup section */

/* Begin PBXNativeTarget section */
		84867F66246E9A11000E1FD6 /* postbook */ = {
			isa = PBXNativeTarget;
			buildConfigurationList = 84867F7E246E9A20000E1FD6 /* Build configuration list for PBXNativeTarget "postbook" */;
			buildPhases = (
				84867F63246E9A11000E1FD6 /* Sources */,
				84867F64246E9A11000E1FD6 /* Frameworks */,
				84867F65246E9A11000E1FD6 /* Resources */,
			);
			buildRules = (
			);
			dependencies = (
			);
			name = postbook;
			productName = postbook;
			productReference = 84867F67246E9A11000E1FD6 /* postbook.app */;
			productType = "com.apple.product-type.application";
		};
/* End PBXNativeTarget section */

/* Begin PBXProject section */
		84867F5F246E9A11000E1FD6 /* Project object */ = {
			isa = PBXProject;
			attributes = {
				LastSwiftUpdateCheck = 1140;
				LastUpgradeCheck = 1140;
				ORGANIZATIONNAME = "Mishka TBC";
				TargetAttributes = {
					84867F66246E9A11000E1FD6 = {
						CreatedOnToolsVersion = 11.4.1;
					};
				};
			};
			buildConfigurationList = 84867F62246E9A11000E1FD6 /* Build configuration list for PBXProject "postbook" */;
			compatibilityVersion = "Xcode 9.3";
			developmentRegion = en;
			hasScannedForEncodings = 0;
			knownRegions = (
				en,
				Base,
			);
			mainGroup = 84867F5E246E9A11000E1FD6;
			productRefGroup = 84867F68246E9A11000E1FD6 /* Products */;
			projectDirPath = "";
			projectRoot = "";
			targets = (
				84867F66246E9A11000E1FD6 /* postbook */,
			);
		};
/* End PBXProject section */

/* Begin PBXResourcesBuildPhase section */
		84867F65246E9A11000E1FD6 /* Resources */ = {
			isa = PBXResourcesBuildPhase;
			buildActionMask = 2147483647;
			files = (
				84867F7A246E9A20000E1FD6 /* LaunchScreen.storyboard in Resources */,
				84867F77246E9A20000E1FD6 /* Assets.xcassets in Resources */,
				84867F72246E9A12000E1FD6 /* Main.storyboard in Resources */,
			);
			runOnlyForDeploymentPostprocessing = 0;
		};
/* End PBXResourcesBuildPhase section */

/* Begin PBXSourcesBuildPhase section */
		84867F63246E9A11000E1FD6 /* Sources */ = {
			isa = PBXSourcesBuildPhase;
			buildActionMask = 2147483647;
			files = (
				84867F8C246EE1A3000E1FD6 /* tabViewController.swift in Sources */,
				84867F86246ED2F3000E1FD6 /* homePageViewController.swift in Sources */,
				84867F84246ED219000E1FD6 /* UDManager.swift in Sources */,
				84867F82246EC9D9000E1FD6 /* signUpViewController.swift in Sources */,
				84867F88246ED30A000E1FD6 /* postTableViewCell.swift in Sources */,
				84867F8A246ED321000E1FD6 /* addPostViewController.swift in Sources */,
				84867F90246EEE3F000E1FD6 /* profileViewController.swift in Sources */,
				84867F6F246E9A11000E1FD6 /* ViewController.swift in Sources */,
				84867F6B246E9A11000E1FD6 /* AppDelegate.swift in Sources */,
				84867F75246E9A12000E1FD6 /* postbook.xcdatamodeld in Sources */,
				84867F6D246E9A11000E1FD6 /* SceneDelegate.swift in Sources */,
				84867F92246F22A0000E1FD6 /* settingsViewController.swift in Sources */,
			);
			runOnlyForDeploymentPostprocessing = 0;
		};
/* End PBXSourcesBuildPhase section */

/* Begin PBXVariantGroup section */
		84867F70246E9A12000E1FD6 /* Main.storyboard */ = {
			isa = PBXVariantGroup;
			children = (
				84867F71246E9A12000E1FD6 /* Base */,
			);
			name = Main.storyboard;
			sourceTree = "<group>";
		};
		84867F78246E9A20000E1FD6 /* LaunchScreen.storyboard */ = {
			isa = PBXVariantGroup;
			children = (
				84867F79246E9A20000E1FD6 /* Base */,
			);
			name = LaunchScreen.storyboard;
			sourceTree = "<group>";
		};
/* End PBXVariantGroup section */

/* Begin XCBuildConfiguration section */
		84867F7C246E9A20000E1FD6 /* Debug */ = {
			isa = XCBuildConfiguration;
			buildSettings = {
				ALWAYS_SEARCH_USER_PATHS = NO;
				CLANG_ANALYZER_NONNULL = YES;
				CLANG_ANALYZER_NUMBER_OBJECT_CONVERSION = YES_AGGRESSIVE;
				CLANG_CXX_LANGUAGE_STANDARD = "gnu++14";
				CLANG_CXX_LIBRARY = "libc++";
				CLANG_ENABLE_MODULES = YES;
				CLANG_ENABLE_OBJC_ARC = YES;
				CLANG_ENABLE_OBJC_WEAK = YES;
				CLANG_WARN_BLOCK_CAPTURE_AUTORELEASING = YES;
				CLANG_WARN_BOOL_CONVERSION = YES;
				CLANG_WARN_COMMA = YES;
				CLANG_WARN_CONSTANT_CONVERSION = YES;
				CLANG_WARN_DEPRECATED_OBJC_IMPLEMENTATIONS = YES;
				CLANG_WARN_DIRECT_OBJC_ISA_USAGE = YES_ERROR;
				CLANG_WARN_DOCUMENTATION_COMMENTS = YES;
				CLANG_WARN_EMPTY_BODY = YES;
				CLANG_WARN_ENUM_CONVERSION = YES;
				CLANG_WARN_INFINITE_RECURSION = YES;
				CLANG_WARN_INT_CONVERSION = YES;
				CLANG_WARN_NON_LITERAL_NULL_CONVERSION = YES;
				CLANG_WARN_OBJC_IMPLICIT_RETAIN_SELF = YES;
				CLANG_WARN_OBJC_LITERAL_CONVERSION = YES;
				CLANG_WARN_OBJC_ROOT_CLASS = YES_ERROR;
				CLANG_WARN_RANGE_LOOP_ANALYSIS = YES;
				CLANG_WARN_STRICT_PROTOTYPES = YES;
				CLANG_WARN_SUSPICIOUS_MOVE = YES;
				CLANG_WARN_UNGUARDED_AVAILABILITY = YES_AGGRESSIVE;
				CLANG_WARN_UNREACHABLE_CODE = YES;
				CLANG_WARN__DUPLICATE_METHOD_MATCH = YES;
				COPY_PHASE_STRIP = NO;
				DEBUG_INFORMATION_FORMAT = dwarf;
				ENABLE_STRICT_OBJC_MSGSEND = YES;
				ENABLE_TESTABILITY = YES;
				GCC_C_LANGUAGE_STANDARD = gnu11;
				GCC_DYNAMIC_NO_PIC = NO;
				GCC_NO_COMMON_BLOCKS = YES;
				GCC_OPTIMIZATION_LEVEL = 0;
				GCC_PREPROCESSOR_DEFINITIONS = (
					"DEBUG=1",
					"$(inherited)",
				);
				GCC_WARN_64_TO_32_BIT_CONVERSION = YES;
				GCC_WARN_ABOUT_RETURN_TYPE = YES_ERROR;
				GCC_WARN_UNDECLARED_SELECTOR = YES;
				GCC_WARN_UNINITIALIZED_AUTOS = YES_AGGRESSIVE;
				GCC_WARN_UNUSED_FUNCTION = YES;
				GCC_WARN_UNUSED_VARIABLE = YES;
				IPHONEOS_DEPLOYMENT_TARGET = 13.4;
				MTL_ENABLE_DEBUG_INFO = INCLUDE_SOURCE;
				MTL_FAST_MATH = YES;
				ONLY_ACTIVE_ARCH = YES;
				SDKROOT = iphoneos;
				SWIFT_ACTIVE_COMPILATION_CONDITIONS = DEBUG;
				SWIFT_OPTIMIZATION_LEVEL = "-Onone";
			};
			name = Debug;
		};
		84867F7D246E9A20000E1FD6 /* Release */ = {
			isa = XCBuildConfiguration;
			buildSettings = {
				ALWAYS_SEARCH_USER_PATHS = NO;
				CLANG_ANALYZER_NONNULL = YES;
				CLANG_ANALYZER_NUMBER_OBJECT_CONVERSION = YES_AGGRESSIVE;
				CLANG_CXX_LANGUAGE_STANDARD = "gnu++14";
				CLANG_CXX_LIBRARY = "libc++";
				CLANG_ENABLE_MODULES = YES;
				CLANG_ENABLE_OBJC_ARC = YES;
				CLANG_ENABLE_OBJC_WEAK = YES;
				CLANG_WARN_BLOCK_CAPTURE_AUTORELEASING = YES;
				CLANG_WARN_BOOL_CONVERSION = YES;
				CLANG_WARN_COMMA = YES;
				CLANG_WARN_CONSTANT_CONVERSION = YES;
				CLANG_WARN_DEPRECATED_OBJC_IMPLEMENTATIONS = YES;
				CLANG_WARN_DIRECT_OBJC_ISA_USAGE = YES_ERROR;
				CLANG_WARN_DOCUMENTATION_COMMENTS = YES;
				CLANG_WARN_EMPTY_BODY = YES;
				CLANG_WARN_ENUM_CONVERSION = YES;
				CLANG_WARN_INFINITE_RECURSION = YES;
				CLANG_WARN_INT_CONVERSION = YES;
				CLANG_WARN_NON_LITERAL_NULL_CONVERSION = YES;
				CLANG_WARN_OBJC_IMPLICIT_RETAIN_SELF = YES;
				CLANG_WARN_OBJC_LITERAL_CONVERSION = YES;
				CLANG_WARN_OBJC_ROOT_CLASS = YES_ERROR;
				CLANG_WARN_RANGE_LOOP_ANALYSIS = YES;
				CLANG_WARN_STRICT_PROTOTYPES = YES;
				CLANG_WARN_SUSPICIOUS_MOVE = YES;
				CLANG_WARN_UNGUARDED_AVAILABILITY = YES_AGGRESSIVE;
				CLANG_WARN_UNREACHABLE_CODE = YES;
				CLANG_WARN__DUPLICATE_METHOD_MATCH = YES;
				COPY_PHASE_STRIP = NO;
				DEBUG_INFORMATION_FORMAT = "dwarf-with-dsym";
				ENABLE_NS_ASSERTIONS = NO;
				ENABLE_STRICT_OBJC_MSGSEND = YES;
				GCC_C_LANGUAGE_STANDARD = gnu11;
				GCC_NO_COMMON_BLOCKS = YES;
				GCC_WARN_64_TO_32_BIT_CONVERSION = YES;
				GCC_WARN_ABOUT_RETURN_TYPE = YES_ERROR;
				GCC_WARN_UNDECLARED_SELECTOR = YES;
				GCC_WARN_UNINITIALIZED_AUTOS = YES_AGGRESSIVE;
				GCC_WARN_UNUSED_FUNCTION = YES;
				GCC_WARN_UNUSED_VARIABLE = YES;
				IPHONEOS_DEPLOYMENT_TARGET = 13.4;
				MTL_ENABLE_DEBUG_INFO = NO;
				MTL_FAST_MATH = YES;
				SDKROOT = iphoneos;
				SWIFT_COMPILATION_MODE = wholemodule;
				SWIFT_OPTIMIZATION_LEVEL = "-O";
				VALIDATE_PRODUCT = YES;
			};
			name = Release;
		};
		84867F7F246E9A20000E1FD6 /* Debug */ = {
			isa = XCBuildConfiguration;
			buildSettings = {
				ASSETCATALOG_COMPILER_APPICON_NAME = AppIcon;
				CODE_SIGN_STYLE = Automatic;
				INFOPLIST_FILE = postbook/Info.plist;
				LD_RUNPATH_SEARCH_PATHS = (
					"$(inherited)",
					"@executable_path/Frameworks",
				);
				PRODUCT_BUNDLE_IDENTIFIER = mishka.tbc.postbook;
				PRODUCT_NAME = "$(TARGET_NAME)";
				SWIFT_VERSION = 5.0;
				TARGETED_DEVICE_FAMILY = "1,2";
			};
			name = Debug;
		};
		84867F80246E9A20000E1FD6 /* Release */ = {
			isa = XCBuildConfiguration;
			buildSettings = {
				ASSETCATALOG_COMPILER_APPICON_NAME = AppIcon;
				CODE_SIGN_STYLE = Automatic;
				INFOPLIST_FILE = postbook/Info.plist;
				LD_RUNPATH_SEARCH_PATHS = (
					"$(inherited)",
					"@executable_path/Frameworks",
				);
				PRODUCT_BUNDLE_IDENTIFIER = mishka.tbc.postbook;
				PRODUCT_NAME = "$(TARGET_NAME)";
				SWIFT_VERSION = 5.0;
				TARGETED_DEVICE_FAMILY = "1,2";
			};
			name = Release;
		};
/* End XCBuildConfiguration section */

/* Begin XCConfigurationList section */
		84867F62246E9A11000E1FD6 /* Build configuration list for PBXProject "postbook" */ = {
			isa = XCConfigurationList;
			buildConfigurations = (
				84867F7C246E9A20000E1FD6 /* Debug */,
				84867F7D246E9A20000E1FD6 /* Release */,
			);
			defaultConfigurationIsVisible = 0;
			defaultConfigurationName = Release;
		};
		84867F7E246E9A20000E1FD6 /* Build configuration list for PBXNativeTarget "postbook" */ = {
			isa = XCConfigurationList;
			buildConfigurations = (
				84867F7F246E9A20000E1FD6 /* Debug */,
				84867F80246E9A20000E1FD6 /* Release */,
			);
			defaultConfigurationIsVisible = 0;
			defaultConfigurationName = Release;
		};
/* End XCConfigurationList section */

/* Begin XCVersionGroup section */
		84867F73246E9A12000E1FD6 /* postbook.xcdatamodeld */ = {
			isa = XCVersionGroup;
			children = (
				84867F74246E9A12000E1FD6 /* postbook.xcdatamodel */,
			);
			currentVersion = 84867F74246E9A12000E1FD6 /* postbook.xcdatamodel */;
			path = postbook.xcdatamodeld;
			sourceTree = "<group>";
			versionGroupType = wrapper.xcdatamodel;
		};
/* End XCVersionGroup section */
	};
	rootObject = 84867F5F246E9A11000E1FD6 /* Project object */;
}
