// !$*UTF8*$!
{
	archiveVersion = 1;
	classes = {
	};
	objectVersion = 50;
	objects = {

/* Begin PBXBuildFile section */
		8402F6D3245C2B1D000481F0 /* AppDelegate.swift in Sources */ = {isa = PBXBuildFile; fileRef = 8402F6D2245C2B1D000481F0 /* AppDelegate.swift */; };
		8402F6D5245C2B1D000481F0 /* SceneDelegate.swift in Sources */ = {isa = PBXBuildFile; fileRef = 8402F6D4245C2B1D000481F0 /* SceneDelegate.swift */; };
		8402F6D7245C2B1D000481F0 /* ViewController.swift in Sources */ = {isa = PBXBuildFile; fileRef = 8402F6D6245C2B1D000481F0 /* ViewController.swift */; };
		8402F6DA245C2B1D000481F0 /* Main.storyboard in Resources */ = {isa = PBXBuildFile; fileRef = 8402F6D8245C2B1D000481F0 /* Main.storyboard */; };
		8402F6DC245C2B24000481F0 /* Assets.xcassets in Resources */ = {isa = PBXBuildFile; fileRef = 8402F6DB245C2B24000481F0 /* Assets.xcassets */; };
		8402F6DF245C2B24000481F0 /* LaunchScreen.storyboard in Resources */ = {isa = PBXBuildFile; fileRef = 8402F6DD245C2B24000481F0 /* LaunchScreen.storyboard */; };
		8402F6E9245C45BC000481F0 /* carTableViewCell.swift in Sources */ = {isa = PBXBuildFile; fileRef = 8402F6E8245C45BC000481F0 /* carTableViewCell.swift */; };
		8402F6EB245C4AAF000481F0 /* addCarViewController.swift in Sources */ = {isa = PBXBuildFile; fileRef = 8402F6EA245C4AAF000481F0 /* addCarViewController.swift */; };
		8402F6ED245C4AF4000481F0 /* addCarTableViewCell.swift in Sources */ = {isa = PBXBuildFile; fileRef = 8402F6EC245C4AF3000481F0 /* addCarTableViewCell.swift */; };
/* End PBXBuildFile section */

/* Begin PBXFileReference section */
		8402F6CF245C2B1D000481F0 /* car-shop.app */ = {isa = PBXFileReference; explicitFileType = wrapper.application; includeInIndex = 0; path = "car-shop.app"; sourceTree = BUILT_PRODUCTS_DIR; };
		8402F6D2245C2B1D000481F0 /* AppDelegate.swift */ = {isa = PBXFileReference; lastKnownFileType = sourcecode.swift; path = AppDelegate.swift; sourceTree = "<group>"; };
		8402F6D4245C2B1D000481F0 /* SceneDelegate.swift */ = {isa = PBXFileReference; lastKnownFileType = sourcecode.swift; path = SceneDelegate.swift; sourceTree = "<group>"; };
		8402F6D6245C2B1D000481F0 /* ViewController.swift */ = {isa = PBXFileReference; lastKnownFileType = sourcecode.swift; path = ViewController.swift; sourceTree = "<group>"; };
		8402F6D9245C2B1D000481F0 /* Base */ = {isa = PBXFileReference; lastKnownFileType = file.storyboard; name = Base; path = Base.lproj/Main.storyboard; sourceTree = "<group>"; };
		8402F6DB245C2B24000481F0 /* Assets.xcassets */ = {isa = PBXFileReference; lastKnownFileType = folder.assetcatalog; path = Assets.xcassets; sourceTree = "<group>"; };
		8402F6DE245C2B24000481F0 /* Base */ = {isa = PBXFileReference; lastKnownFileType = file.storyboard; name = Base; path = Base.lproj/LaunchScreen.storyboard; sourceTree = "<group>"; };
		8402F6E0245C2B24000481F0 /* Info.plist */ = {isa = PBXFileReference; lastKnownFileType = text.plist.xml; path = Info.plist; sourceTree = "<group>"; };
		8402F6E8245C45BC000481F0 /* carTableViewCell.swift */ = {isa = PBXFileReference; lastKnownFileType = sourcecode.swift; path = carTableViewCell.swift; sourceTree = "<group>"; };
		8402F6EA245C4AAF000481F0 /* addCarViewController.swift */ = {isa = PBXFileReference; lastKnownFileType = sourcecode.swift; path = addCarViewController.swift; sourceTree = "<group>"; };
		8402F6EC245C4AF3000481F0 /* addCarTableViewCell.swift */ = {isa = PBXFileReference; lastKnownFileType = sourcecode.swift; path = addCarTableViewCell.swift; sourceTree = "<group>"; };
/* End PBXFileReference section */

/* Begin PBXFrameworksBuildPhase section */
		8402F6CC245C2B1D000481F0 /* Frameworks */ = {
			isa = PBXFrameworksBuildPhase;
			buildActionMask = 2147483647;
			files = (
			);
			runOnlyForDeploymentPostprocessing = 0;
		};
/* End PBXFrameworksBuildPhase section */

/* Begin PBXGroup section */
		8402F6C6245C2B1D000481F0 = {
			isa = PBXGroup;
			children = (
				8402F6D1245C2B1D000481F0 /* car-shop */,
				8402F6D0245C2B1D000481F0 /* Products */,
			);
			sourceTree = "<group>";
		};
		8402F6D0245C2B1D000481F0 /* Products */ = {
			isa = PBXGroup;
			children = (
				8402F6CF245C2B1D000481F0 /* car-shop.app */,
			);
			name = Products;
			sourceTree = "<group>";
		};
		8402F6D1245C2B1D000481F0 /* car-shop */ = {
			isa = PBXGroup;
			children = (
				8402F6D2245C2B1D000481F0 /* AppDelegate.swift */,
				8402F6D4245C2B1D000481F0 /* SceneDelegate.swift */,
				8402F6D6245C2B1D000481F0 /* ViewController.swift */,
				8402F6D8245C2B1D000481F0 /* Main.storyboard */,
				8402F6DB245C2B24000481F0 /* Assets.xcassets */,
				8402F6DD245C2B24000481F0 /* LaunchScreen.storyboard */,
				8402F6E0245C2B24000481F0 /* Info.plist */,
				8402F6E8245C45BC000481F0 /* carTableViewCell.swift */,
				8402F6EA245C4AAF000481F0 /* addCarViewController.swift */,
				8402F6EC245C4AF3000481F0 /* addCarTableViewCell.swift */,
			);
			path = "car-shop";
			sourceTree = "<group>";
		};
/* End PBXGroup section */

/* Begin PBXNativeTarget section */
		8402F6CE245C2B1D000481F0 /* car-shop */ = {
			isa = PBXNativeTarget;
			buildConfigurationList = 8402F6E3245C2B24000481F0 /* Build configuration list for PBXNativeTarget "car-shop" */;
			buildPhases = (
				8402F6CB245C2B1D000481F0 /* Sources */,
				8402F6CC245C2B1D000481F0 /* Frameworks */,
				8402F6CD245C2B1D000481F0 /* Resources */,
			);
			buildRules = (
			);
			dependencies = (
			);
			name = "car-shop";
			productName = "car-shop";
			productReference = 8402F6CF245C2B1D000481F0 /* car-shop.app */;
			productType = "com.apple.product-type.application";
		};
/* End PBXNativeTarget section */

/* Begin PBXProject section */
		8402F6C7245C2B1D000481F0 /* Project object */ = {
			isa = PBXProject;
			attributes = {
				LastSwiftUpdateCheck = 1140;
				LastUpgradeCheck = 1140;
				ORGANIZATIONNAME = "Mishka TBC";
				TargetAttributes = {
					8402F6CE245C2B1D000481F0 = {
						CreatedOnToolsVersion = 11.4;
					};
				};
			};
			buildConfigurationList = 8402F6CA245C2B1D000481F0 /* Build configuration list for PBXProject "car-shop" */;
			compatibilityVersion = "Xcode 9.3";
			developmentRegion = en;
			hasScannedForEncodings = 0;
			knownRegions = (
				en,
				Base,
			);
			mainGroup = 8402F6C6245C2B1D000481F0;
			productRefGroup = 8402F6D0245C2B1D000481F0 /* Products */;
			projectDirPath = "";
			projectRoot = "";
			targets = (
				8402F6CE245C2B1D000481F0 /* car-shop */,
			);
		};
/* End PBXProject section */

/* Begin PBXResourcesBuildPhase section */
		8402F6CD245C2B1D000481F0 /* Resources */ = {
			isa = PBXResourcesBuildPhase;
			buildActionMask = 2147483647;
			files = (
				8402F6DF245C2B24000481F0 /* LaunchScreen.storyboard in Resources */,
				8402F6DC245C2B24000481F0 /* Assets.xcassets in Resources */,
				8402F6DA245C2B1D000481F0 /* Main.storyboard in Resources */,
			);
			runOnlyForDeploymentPostprocessing = 0;
		};
/* End PBXResourcesBuildPhase section */

/* Begin PBXSourcesBuildPhase section */
		8402F6CB245C2B1D000481F0 /* Sources */ = {
			isa = PBXSourcesBuildPhase;
			buildActionMask = 2147483647;
			files = (
				8402F6ED245C4AF4000481F0 /* addCarTableViewCell.swift in Sources */,
				8402F6D7245C2B1D000481F0 /* ViewController.swift in Sources */,
				8402F6D3245C2B1D000481F0 /* AppDelegate.swift in Sources */,
				8402F6EB245C4AAF000481F0 /* addCarViewController.swift in Sources */,
				8402F6E9245C45BC000481F0 /* carTableViewCell.swift in Sources */,
				8402F6D5245C2B1D000481F0 /* SceneDelegate.swift in Sources */,
			);
			runOnlyForDeploymentPostprocessing = 0;
		};
/* End PBXSourcesBuildPhase section */

/* Begin PBXVariantGroup section */
		8402F6D8245C2B1D000481F0 /* Main.storyboard */ = {
			isa = PBXVariantGroup;
			children = (
				8402F6D9245C2B1D000481F0 /* Base */,
			);
			name = Main.storyboard;
			sourceTree = "<group>";
		};
		8402F6DD245C2B24000481F0 /* LaunchScreen.storyboard */ = {
			isa = PBXVariantGroup;
			children = (
				8402F6DE245C2B24000481F0 /* Base */,
			);
			name = LaunchScreen.storyboard;
			sourceTree = "<group>";
		};
/* End PBXVariantGroup section */

/* Begin XCBuildConfiguration section */
		8402F6E1245C2B24000481F0 /* Debug */ = {
			isa = XCBuildConfiguration;
			buildSettings = {
				ALWAYS_SEARCH_USER_PATHS = NO;
				CLANG_ANALYZER_NONNULL = YES;
				CLANG_ANALYZER_NUMBER_OBJECT_CONVERSION = YES_AGGRESSIVE;
				CLANG_CXX_LANGUAGE_STANDARD = "gnu++14";
				CLANG_CXX_LIBRARY = "libc++";
				CLANG_ENABLE_MODULES = YES;
				CLANG_ENABLE_OBJC_ARC = YES;
				CLANG_ENABLE_OBJC_WEAK = YES;
				CLANG_WARN_BLOCK_CAPTURE_AUTORELEASING = YES;
				CLANG_WARN_BOOL_CONVERSION = YES;
				CLANG_WARN_COMMA = YES;
				CLANG_WARN_CONSTANT_CONVERSION = YES;
				CLANG_WARN_DEPRECATED_OBJC_IMPLEMENTATIONS = YES;
				CLANG_WARN_DIRECT_OBJC_ISA_USAGE = YES_ERROR;
				CLANG_WARN_DOCUMENTATION_COMMENTS = YES;
				CLANG_WARN_EMPTY_BODY = YES;
				CLANG_WARN_ENUM_CONVERSION = YES;
				CLANG_WARN_INFINITE_RECURSION = YES;
				CLANG_WARN_INT_CONVERSION = YES;
				CLANG_WARN_NON_LITERAL_NULL_CONVERSION = YES;
				CLANG_WARN_OBJC_IMPLICIT_RETAIN_SELF = YES;
				CLANG_WARN_OBJC_LITERAL_CONVERSION = YES;
				CLANG_WARN_OBJC_ROOT_CLASS = YES_ERROR;
				CLANG_WARN_RANGE_LOOP_ANALYSIS = YES;
				CLANG_WARN_STRICT_PROTOTYPES = YES;
				CLANG_WARN_SUSPICIOUS_MOVE = YES;
				CLANG_WARN_UNGUARDED_AVAILABILITY = YES_AGGRESSIVE;
				CLANG_WARN_UNREACHABLE_CODE = YES;
				CLANG_WARN__DUPLICATE_METHOD_MATCH = YES;
				COPY_PHASE_STRIP = NO;
				DEBUG_INFORMATION_FORMAT = dwarf;
				ENABLE_STRICT_OBJC_MSGSEND = YES;
				ENABLE_TESTABILITY = YES;
				GCC_C_LANGUAGE_STANDARD = gnu11;
				GCC_DYNAMIC_NO_PIC = NO;
				GCC_NO_COMMON_BLOCKS = YES;
				GCC_OPTIMIZATION_LEVEL = 0;
				GCC_PREPROCESSOR_DEFINITIONS = (
					"DEBUG=1",
					"$(inherited)",
				);
				GCC_WARN_64_TO_32_BIT_CONVERSION = YES;
				GCC_WARN_ABOUT_RETURN_TYPE = YES_ERROR;
				GCC_WARN_UNDECLARED_SELECTOR = YES;
				GCC_WARN_UNINITIALIZED_AUTOS = YES_AGGRESSIVE;
				GCC_WARN_UNUSED_FUNCTION = YES;
				GCC_WARN_UNUSED_VARIABLE = YES;
				IPHONEOS_DEPLOYMENT_TARGET = 13.4;
				MTL_ENABLE_DEBUG_INFO = INCLUDE_SOURCE;
				MTL_FAST_MATH = YES;
				ONLY_ACTIVE_ARCH = YES;
				SDKROOT = iphoneos;
				SWIFT_ACTIVE_COMPILATION_CONDITIONS = DEBUG;
				SWIFT_OPTIMIZATION_LEVEL = "-Onone";
			};
			name = Debug;
		};
		8402F6E2245C2B24000481F0 /* Release */ = {
			isa = XCBuildConfiguration;
			buildSettings = {
				ALWAYS_SEARCH_USER_PATHS = NO;
				CLANG_ANALYZER_NONNULL = YES;
				CLANG_ANALYZER_NUMBER_OBJECT_CONVERSION = YES_AGGRESSIVE;
				CLANG_CXX_LANGUAGE_STANDARD = "gnu++14";
				CLANG_CXX_LIBRARY = "libc++";
				CLANG_ENABLE_MODULES = YES;
				CLANG_ENABLE_OBJC_ARC = YES;
				CLANG_ENABLE_OBJC_WEAK = YES;
				CLANG_WARN_BLOCK_CAPTURE_AUTORELEASING = YES;
				CLANG_WARN_BOOL_CONVERSION = YES;
				CLANG_WARN_COMMA = YES;
				CLANG_WARN_CONSTANT_CONVERSION = YES;
				CLANG_WARN_DEPRECATED_OBJC_IMPLEMENTATIONS = YES;
				CLANG_WARN_DIRECT_OBJC_ISA_USAGE = YES_ERROR;
				CLANG_WARN_DOCUMENTATION_COMMENTS = YES;
				CLANG_WARN_EMPTY_BODY = YES;
				CLANG_WARN_ENUM_CONVERSION = YES;
				CLANG_WARN_INFINITE_RECURSION = YES;
				CLANG_WARN_INT_CONVERSION = YES;
				CLANG_WARN_NON_LITERAL_NULL_CONVERSION = YES;
				CLANG_WARN_OBJC_IMPLICIT_RETAIN_SELF = YES;
				CLANG_WARN_OBJC_LITERAL_CONVERSION = YES;
				CLANG_WARN_OBJC_ROOT_CLASS = YES_ERROR;
				CLANG_WARN_RANGE_LOOP_ANALYSIS = YES;
				CLANG_WARN_STRICT_PROTOTYPES = YES;
				CLANG_WARN_SUSPICIOUS_MOVE = YES;
				CLANG_WARN_UNGUARDED_AVAILABILITY = YES_AGGRESSIVE;
				CLANG_WARN_UNREACHABLE_CODE = YES;
				CLANG_WARN__DUPLICATE_METHOD_MATCH = YES;
				COPY_PHASE_STRIP = NO;
				DEBUG_INFORMATION_FORMAT = "dwarf-with-dsym";
				ENABLE_NS_ASSERTIONS = NO;
				ENABLE_STRICT_OBJC_MSGSEND = YES;
				GCC_C_LANGUAGE_STANDARD = gnu11;
				GCC_NO_COMMON_BLOCKS = YES;
				GCC_WARN_64_TO_32_BIT_CONVERSION = YES;
				GCC_WARN_ABOUT_RETURN_TYPE = YES_ERROR;
				GCC_WARN_UNDECLARED_SELECTOR = YES;
				GCC_WARN_UNINITIALIZED_AUTOS = YES_AGGRESSIVE;
				GCC_WARN_UNUSED_FUNCTION = YES;
				GCC_WARN_UNUSED_VARIABLE = YES;
				IPHONEOS_DEPLOYMENT_TARGET = 13.4;
				MTL_ENABLE_DEBUG_INFO = NO;
				MTL_FAST_MATH = YES;
				SDKROOT = iphoneos;
				SWIFT_COMPILATION_MODE = wholemodule;
				SWIFT_OPTIMIZATION_LEVEL = "-O";
				VALIDATE_PRODUCT = YES;
			};
			name = Release;
		};
		8402F6E4245C2B24000481F0 /* Debug */ = {
			isa = XCBuildConfiguration;
			buildSettings = {
				ASSETCATALOG_COMPILER_APPICON_NAME = AppIcon;
				CODE_SIGN_STYLE = Automatic;
				INFOPLIST_FILE = "car-shop/Info.plist";
				LD_RUNPATH_SEARCH_PATHS = (
					"$(inherited)",
					"@executable_path/Frameworks",
				);
				PRODUCT_BUNDLE_IDENTIFIER = "mishka.tbc.car-shop";
				PRODUCT_NAME = "$(TARGET_NAME)";
				SWIFT_VERSION = 5.0;
				TARGETED_DEVICE_FAMILY = "1,2";
			};
			name = Debug;
		};
		8402F6E5245C2B24000481F0 /* Release */ = {
			isa = XCBuildConfiguration;
			buildSettings = {
				ASSETCATALOG_COMPILER_APPICON_NAME = AppIcon;
				CODE_SIGN_STYLE = Automatic;
				INFOPLIST_FILE = "car-shop/Info.plist";
				LD_RUNPATH_SEARCH_PATHS = (
					"$(inherited)",
					"@executable_path/Frameworks",
				);
				PRODUCT_BUNDLE_IDENTIFIER = "mishka.tbc.car-shop";
				PRODUCT_NAME = "$(TARGET_NAME)";
				SWIFT_VERSION = 5.0;
				TARGETED_DEVICE_FAMILY = "1,2";
			};
			name = Release;
		};
/* End XCBuildConfiguration section */

/* Begin XCConfigurationList section */
		8402F6CA245C2B1D000481F0 /* Build configuration list for PBXProject "car-shop" */ = {
			isa = XCConfigurationList;
			buildConfigurations = (
				8402F6E1245C2B24000481F0 /* Debug */,
				8402F6E2245C2B24000481F0 /* Release */,
			);
			defaultConfigurationIsVisible = 0;
			defaultConfigurationName = Release;
		};
		8402F6E3245C2B24000481F0 /* Build configuration list for PBXNativeTarget "car-shop" */ = {
			isa = XCConfigurationList;
			buildConfigurations = (
				8402F6E4245C2B24000481F0 /* Debug */,
				8402F6E5245C2B24000481F0 /* Release */,
			);
			defaultConfigurationIsVisible = 0;
			defaultConfigurationName = Release;
		};
/* End XCConfigurationList section */
	};
	rootObject = 8402F6C7245C2B1D000481F0 /* Project object */;
}
