// !$*UTF8*$!
{
	archiveVersion = 1;
	classes = {
	};
	objectVersion = 50;
	objects = {

/* Begin PBXBuildFile section */
		843C667A24597C5A00933E4C /* AppDelegate.swift in Sources */ = {isa = PBXBuildFile; fileRef = 843C667924597C5A00933E4C /* AppDelegate.swift */; };
		843C667C24597C5A00933E4C /* SceneDelegate.swift in Sources */ = {isa = PBXBuildFile; fileRef = 843C667B24597C5A00933E4C /* SceneDelegate.swift */; };
		843C667E24597C5A00933E4C /* ViewController.swift in Sources */ = {isa = PBXBuildFile; fileRef = 843C667D24597C5A00933E4C /* ViewController.swift */; };
		843C668124597C5A00933E4C /* Main.storyboard in Resources */ = {isa = PBXBuildFile; fileRef = 843C667F24597C5A00933E4C /* Main.storyboard */; };
		843C668324597C6500933E4C /* Assets.xcassets in Resources */ = {isa = PBXBuildFile; fileRef = 843C668224597C6500933E4C /* Assets.xcassets */; };
		843C668624597C6500933E4C /* LaunchScreen.storyboard in Resources */ = {isa = PBXBuildFile; fileRef = 843C668424597C6500933E4C /* LaunchScreen.storyboard */; };
		843C6691245988C300933E4C /* user.swift in Sources */ = {isa = PBXBuildFile; fileRef = 843C6690245988C300933E4C /* user.swift */; };
		843C6695245996F600933E4C /* userListViewController.swift in Sources */ = {isa = PBXBuildFile; fileRef = 843C6694245996F600933E4C /* userListViewController.swift */; };
		843C669724599F6700933E4C /* userTableViewCell.swift in Sources */ = {isa = PBXBuildFile; fileRef = 843C669624599F6700933E4C /* userTableViewCell.swift */; };
/* End PBXBuildFile section */

/* Begin PBXFileReference section */
		843C667624597C5A00933E4C /* registration2.app */ = {isa = PBXFileReference; explicitFileType = wrapper.application; includeInIndex = 0; path = registration2.app; sourceTree = BUILT_PRODUCTS_DIR; };
		843C667924597C5A00933E4C /* AppDelegate.swift */ = {isa = PBXFileReference; lastKnownFileType = sourcecode.swift; path = AppDelegate.swift; sourceTree = "<group>"; };
		843C667B24597C5A00933E4C /* SceneDelegate.swift */ = {isa = PBXFileReference; lastKnownFileType = sourcecode.swift; path = SceneDelegate.swift; sourceTree = "<group>"; };
		843C667D24597C5A00933E4C /* ViewController.swift */ = {isa = PBXFileReference; lastKnownFileType = sourcecode.swift; path = ViewController.swift; sourceTree = "<group>"; };
		843C668024597C5A00933E4C /* Base */ = {isa = PBXFileReference; lastKnownFileType = file.storyboard; name = Base; path = Base.lproj/Main.storyboard; sourceTree = "<group>"; };
		843C668224597C6500933E4C /* Assets.xcassets */ = {isa = PBXFileReference; lastKnownFileType = folder.assetcatalog; path = Assets.xcassets; sourceTree = "<group>"; };
		843C668524597C6500933E4C /* Base */ = {isa = PBXFileReference; lastKnownFileType = file.storyboard; name = Base; path = Base.lproj/LaunchScreen.storyboard; sourceTree = "<group>"; };
		843C668724597C6500933E4C /* Info.plist */ = {isa = PBXFileReference; lastKnownFileType = text.plist.xml; path = Info.plist; sourceTree = "<group>"; };
		843C6690245988C300933E4C /* user.swift */ = {isa = PBXFileReference; lastKnownFileType = sourcecode.swift; path = user.swift; sourceTree = "<group>"; };
		843C6694245996F600933E4C /* userListViewController.swift */ = {isa = PBXFileReference; lastKnownFileType = sourcecode.swift; path = userListViewController.swift; sourceTree = "<group>"; };
		843C669624599F6700933E4C /* userTableViewCell.swift */ = {isa = PBXFileReference; lastKnownFileType = sourcecode.swift; path = userTableViewCell.swift; sourceTree = "<group>"; };
/* End PBXFileReference section */

/* Begin PBXFrameworksBuildPhase section */
		843C667324597C5A00933E4C /* Frameworks */ = {
			isa = PBXFrameworksBuildPhase;
			buildActionMask = 2147483647;
			files = (
			);
			runOnlyForDeploymentPostprocessing = 0;
		};
/* End PBXFrameworksBuildPhase section */

/* Begin PBXGroup section */
		843C666D24597C5A00933E4C = {
			isa = PBXGroup;
			children = (
				843C667824597C5A00933E4C /* registration2 */,
				843C667724597C5A00933E4C /* Products */,
			);
			sourceTree = "<group>";
		};
		843C667724597C5A00933E4C /* Products */ = {
			isa = PBXGroup;
			children = (
				843C667624597C5A00933E4C /* registration2.app */,
			);
			name = Products;
			sourceTree = "<group>";
		};
		843C667824597C5A00933E4C /* registration2 */ = {
			isa = PBXGroup;
			children = (
				843C667924597C5A00933E4C /* AppDelegate.swift */,
				843C667B24597C5A00933E4C /* SceneDelegate.swift */,
				843C667D24597C5A00933E4C /* ViewController.swift */,
				843C667F24597C5A00933E4C /* Main.storyboard */,
				843C668224597C6500933E4C /* Assets.xcassets */,
				843C668424597C6500933E4C /* LaunchScreen.storyboard */,
				843C668724597C6500933E4C /* Info.plist */,
				843C6690245988C300933E4C /* user.swift */,
				843C6694245996F600933E4C /* userListViewController.swift */,
				843C669624599F6700933E4C /* userTableViewCell.swift */,
			);
			path = registration2;
			sourceTree = "<group>";
		};
/* End PBXGroup section */

/* Begin PBXNativeTarget section */
		843C667524597C5A00933E4C /* registration2 */ = {
			isa = PBXNativeTarget;
			buildConfigurationList = 843C668A24597C6500933E4C /* Build configuration list for PBXNativeTarget "registration2" */;
			buildPhases = (
				843C667224597C5A00933E4C /* Sources */,
				843C667324597C5A00933E4C /* Frameworks */,
				843C667424597C5A00933E4C /* Resources */,
			);
			buildRules = (
			);
			dependencies = (
			);
			name = registration2;
			productName = registration2;
			productReference = 843C667624597C5A00933E4C /* registration2.app */;
			productType = "com.apple.product-type.application";
		};
/* End PBXNativeTarget section */

/* Begin PBXProject section */
		843C666E24597C5A00933E4C /* Project object */ = {
			isa = PBXProject;
			attributes = {
				LastSwiftUpdateCheck = 1140;
				LastUpgradeCheck = 1140;
				ORGANIZATIONNAME = "Mishka TBC";
				TargetAttributes = {
					843C667524597C5A00933E4C = {
						CreatedOnToolsVersion = 11.4;
					};
				};
			};
			buildConfigurationList = 843C667124597C5A00933E4C /* Build configuration list for PBXProject "registration2" */;
			compatibilityVersion = "Xcode 9.3";
			developmentRegion = en;
			hasScannedForEncodings = 0;
			knownRegions = (
				en,
				Base,
			);
			mainGroup = 843C666D24597C5A00933E4C;
			productRefGroup = 843C667724597C5A00933E4C /* Products */;
			projectDirPath = "";
			projectRoot = "";
			targets = (
				843C667524597C5A00933E4C /* registration2 */,
			);
		};
/* End PBXProject section */

/* Begin PBXResourcesBuildPhase section */
		843C667424597C5A00933E4C /* Resources */ = {
			isa = PBXResourcesBuildPhase;
			buildActionMask = 2147483647;
			files = (
				843C668624597C6500933E4C /* LaunchScreen.storyboard in Resources */,
				843C668324597C6500933E4C /* Assets.xcassets in Resources */,
				843C668124597C5A00933E4C /* Main.storyboard in Resources */,
			);
			runOnlyForDeploymentPostprocessing = 0;
		};
/* End PBXResourcesBuildPhase section */

/* Begin PBXSourcesBuildPhase section */
		843C667224597C5A00933E4C /* Sources */ = {
			isa = PBXSourcesBuildPhase;
			buildActionMask = 2147483647;
			files = (
				843C6691245988C300933E4C /* user.swift in Sources */,
				843C667E24597C5A00933E4C /* ViewController.swift in Sources */,
				843C669724599F6700933E4C /* userTableViewCell.swift in Sources */,
				843C667A24597C5A00933E4C /* AppDelegate.swift in Sources */,
				843C6695245996F600933E4C /* userListViewController.swift in Sources */,
				843C667C24597C5A00933E4C /* SceneDelegate.swift in Sources */,
			);
			runOnlyForDeploymentPostprocessing = 0;
		};
/* End PBXSourcesBuildPhase section */

/* Begin PBXVariantGroup section */
		843C667F24597C5A00933E4C /* Main.storyboard */ = {
			isa = PBXVariantGroup;
			children = (
				843C668024597C5A00933E4C /* Base */,
			);
			name = Main.storyboard;
			sourceTree = "<group>";
		};
		843C668424597C6500933E4C /* LaunchScreen.storyboard */ = {
			isa = PBXVariantGroup;
			children = (
				843C668524597C6500933E4C /* Base */,
			);
			name = LaunchScreen.storyboard;
			sourceTree = "<group>";
		};
/* End PBXVariantGroup section */

/* Begin XCBuildConfiguration section */
		843C668824597C6500933E4C /* Debug */ = {
			isa = XCBuildConfiguration;
			buildSettings = {
				ALWAYS_SEARCH_USER_PATHS = NO;
				CLANG_ANALYZER_NONNULL = YES;
				CLANG_ANALYZER_NUMBER_OBJECT_CONVERSION = YES_AGGRESSIVE;
				CLANG_CXX_LANGUAGE_STANDARD = "gnu++14";
				CLANG_CXX_LIBRARY = "libc++";
				CLANG_ENABLE_MODULES = YES;
				CLANG_ENABLE_OBJC_ARC = YES;
				CLANG_ENABLE_OBJC_WEAK = YES;
				CLANG_WARN_BLOCK_CAPTURE_AUTORELEASING = YES;
				CLANG_WARN_BOOL_CONVERSION = YES;
				CLANG_WARN_COMMA = YES;
				CLANG_WARN_CONSTANT_CONVERSION = YES;
				CLANG_WARN_DEPRECATED_OBJC_IMPLEMENTATIONS = YES;
				CLANG_WARN_DIRECT_OBJC_ISA_USAGE = YES_ERROR;
				CLANG_WARN_DOCUMENTATION_COMMENTS = YES;
				CLANG_WARN_EMPTY_BODY = YES;
				CLANG_WARN_ENUM_CONVERSION = YES;
				CLANG_WARN_INFINITE_RECURSION = YES;
				CLANG_WARN_INT_CONVERSION = YES;
				CLANG_WARN_NON_LITERAL_NULL_CONVERSION = YES;
				CLANG_WARN_OBJC_IMPLICIT_RETAIN_SELF = YES;
				CLANG_WARN_OBJC_LITERAL_CONVERSION = YES;
				CLANG_WARN_OBJC_ROOT_CLASS = YES_ERROR;
				CLANG_WARN_RANGE_LOOP_ANALYSIS = YES;
				CLANG_WARN_STRICT_PROTOTYPES = YES;
				CLANG_WARN_SUSPICIOUS_MOVE = YES;
				CLANG_WARN_UNGUARDED_AVAILABILITY = YES_AGGRESSIVE;
				CLANG_WARN_UNREACHABLE_CODE = YES;
				CLANG_WARN__DUPLICATE_METHOD_MATCH = YES;
				COPY_PHASE_STRIP = NO;
				DEBUG_INFORMATION_FORMAT = dwarf;
				ENABLE_STRICT_OBJC_MSGSEND = YES;
				ENABLE_TESTABILITY = YES;
				GCC_C_LANGUAGE_STANDARD = gnu11;
				GCC_DYNAMIC_NO_PIC = NO;
				GCC_NO_COMMON_BLOCKS = YES;
				GCC_OPTIMIZATION_LEVEL = 0;
				GCC_PREPROCESSOR_DEFINITIONS = (
					"DEBUG=1",
					"$(inherited)",
				);
				GCC_WARN_64_TO_32_BIT_CONVERSION = YES;
				GCC_WARN_ABOUT_RETURN_TYPE = YES_ERROR;
				GCC_WARN_UNDECLARED_SELECTOR = YES;
				GCC_WARN_UNINITIALIZED_AUTOS = YES_AGGRESSIVE;
				GCC_WARN_UNUSED_FUNCTION = YES;
				GCC_WARN_UNUSED_VARIABLE = YES;
				IPHONEOS_DEPLOYMENT_TARGET = 13.4;
				MTL_ENABLE_DEBUG_INFO = INCLUDE_SOURCE;
				MTL_FAST_MATH = YES;
				ONLY_ACTIVE_ARCH = YES;
				SDKROOT = iphoneos;
				SWIFT_ACTIVE_COMPILATION_CONDITIONS = DEBUG;
				SWIFT_OPTIMIZATION_LEVEL = "-Onone";
			};
			name = Debug;
		};
		843C668924597C6500933E4C /* Release */ = {
			isa = XCBuildConfiguration;
			buildSettings = {
				ALWAYS_SEARCH_USER_PATHS = NO;
				CLANG_ANALYZER_NONNULL = YES;
				CLANG_ANALYZER_NUMBER_OBJECT_CONVERSION = YES_AGGRESSIVE;
				CLANG_CXX_LANGUAGE_STANDARD = "gnu++14";
				CLANG_CXX_LIBRARY = "libc++";
				CLANG_ENABLE_MODULES = YES;
				CLANG_ENABLE_OBJC_ARC = YES;
				CLANG_ENABLE_OBJC_WEAK = YES;
				CLANG_WARN_BLOCK_CAPTURE_AUTORELEASING = YES;
				CLANG_WARN_BOOL_CONVERSION = YES;
				CLANG_WARN_COMMA = YES;
				CLANG_WARN_CONSTANT_CONVERSION = YES;
				CLANG_WARN_DEPRECATED_OBJC_IMPLEMENTATIONS = YES;
				CLANG_WARN_DIRECT_OBJC_ISA_USAGE = YES_ERROR;
				CLANG_WARN_DOCUMENTATION_COMMENTS = YES;
				CLANG_WARN_EMPTY_BODY = YES;
				CLANG_WARN_ENUM_CONVERSION = YES;
				CLANG_WARN_INFINITE_RECURSION = YES;
				CLANG_WARN_INT_CONVERSION = YES;
				CLANG_WARN_NON_LITERAL_NULL_CONVERSION = YES;
				CLANG_WARN_OBJC_IMPLICIT_RETAIN_SELF = YES;
				CLANG_WARN_OBJC_LITERAL_CONVERSION = YES;
				CLANG_WARN_OBJC_ROOT_CLASS = YES_ERROR;
				CLANG_WARN_RANGE_LOOP_ANALYSIS = YES;
				CLANG_WARN_STRICT_PROTOTYPES = YES;
				CLANG_WARN_SUSPICIOUS_MOVE = YES;
				CLANG_WARN_UNGUARDED_AVAILABILITY = YES_AGGRESSIVE;
				CLANG_WARN_UNREACHABLE_CODE = YES;
				CLANG_WARN__DUPLICATE_METHOD_MATCH = YES;
				COPY_PHASE_STRIP = NO;
				DEBUG_INFORMATION_FORMAT = "dwarf-with-dsym";
				ENABLE_NS_ASSERTIONS = NO;
				ENABLE_STRICT_OBJC_MSGSEND = YES;
				GCC_C_LANGUAGE_STANDARD = gnu11;
				GCC_NO_COMMON_BLOCKS = YES;
				GCC_WARN_64_TO_32_BIT_CONVERSION = YES;
				GCC_WARN_ABOUT_RETURN_TYPE = YES_ERROR;
				GCC_WARN_UNDECLARED_SELECTOR = YES;
				GCC_WARN_UNINITIALIZED_AUTOS = YES_AGGRESSIVE;
				GCC_WARN_UNUSED_FUNCTION = YES;
				GCC_WARN_UNUSED_VARIABLE = YES;
				IPHONEOS_DEPLOYMENT_TARGET = 13.4;
				MTL_ENABLE_DEBUG_INFO = NO;
				MTL_FAST_MATH = YES;
				SDKROOT = iphoneos;
				SWIFT_COMPILATION_MODE = wholemodule;
				SWIFT_OPTIMIZATION_LEVEL = "-O";
				VALIDATE_PRODUCT = YES;
			};
			name = Release;
		};
		843C668B24597C6500933E4C /* Debug */ = {
			isa = XCBuildConfiguration;
			buildSettings = {
				ASSETCATALOG_COMPILER_APPICON_NAME = AppIcon;
				CODE_SIGN_STYLE = Automatic;
				INFOPLIST_FILE = registration2/Info.plist;
				LD_RUNPATH_SEARCH_PATHS = (
					"$(inherited)",
					"@executable_path/Frameworks",
				);
				PRODUCT_BUNDLE_IDENTIFIER = mishka.tbc.registration2;
				PRODUCT_NAME = "$(TARGET_NAME)";
				SWIFT_VERSION = 5.0;
				TARGETED_DEVICE_FAMILY = "1,2";
			};
			name = Debug;
		};
		843C668C24597C6500933E4C /* Release */ = {
			isa = XCBuildConfiguration;
			buildSettings = {
				ASSETCATALOG_COMPILER_APPICON_NAME = AppIcon;
				CODE_SIGN_STYLE = Automatic;
				INFOPLIST_FILE = registration2/Info.plist;
				LD_RUNPATH_SEARCH_PATHS = (
					"$(inherited)",
					"@executable_path/Frameworks",
				);
				PRODUCT_BUNDLE_IDENTIFIER = mishka.tbc.registration2;
				PRODUCT_NAME = "$(TARGET_NAME)";
				SWIFT_VERSION = 5.0;
				TARGETED_DEVICE_FAMILY = "1,2";
			};
			name = Release;
		};
/* End XCBuildConfiguration section */

/* Begin XCConfigurationList section */
		843C667124597C5A00933E4C /* Build configuration list for PBXProject "registration2" */ = {
			isa = XCConfigurationList;
			buildConfigurations = (
				843C668824597C6500933E4C /* Debug */,
				843C668924597C6500933E4C /* Release */,
			);
			defaultConfigurationIsVisible = 0;
			defaultConfigurationName = Release;
		};
		843C668A24597C6500933E4C /* Build configuration list for PBXNativeTarget "registration2" */ = {
			isa = XCConfigurationList;
			buildConfigurations = (
				843C668B24597C6500933E4C /* Debug */,
				843C668C24597C6500933E4C /* Release */,
			);
			defaultConfigurationIsVisible = 0;
			defaultConfigurationName = Release;
		};
/* End XCConfigurationList section */
	};
	rootObject = 843C666E24597C5A00933E4C /* Project object */;
}
