// !$*UTF8*$!
{
	archiveVersion = 1;
	classes = {
	};
	objectVersion = 50;
	objects = {

/* Begin PBXBuildFile section */
		840B17E6248909F500183EAF /* AppDelegate.swift in Sources */ = {isa = PBXBuildFile; fileRef = 840B17E5248909F500183EAF /* AppDelegate.swift */; };
		840B17E8248909F500183EAF /* SceneDelegate.swift in Sources */ = {isa = PBXBuildFile; fileRef = 840B17E7248909F500183EAF /* SceneDelegate.swift */; };
		840B17EA248909F500183EAF /* ViewController.swift in Sources */ = {isa = PBXBuildFile; fileRef = 840B17E9248909F500183EAF /* ViewController.swift */; };
		840B17ED248909F600183EAF /* Main.storyboard in Resources */ = {isa = PBXBuildFile; fileRef = 840B17EB248909F600183EAF /* Main.storyboard */; };
		840B17EF248909FE00183EAF /* Assets.xcassets in Resources */ = {isa = PBXBuildFile; fileRef = 840B17EE248909FE00183EAF /* Assets.xcassets */; };
		840B17F2248909FE00183EAF /* LaunchScreen.storyboard in Resources */ = {isa = PBXBuildFile; fileRef = 840B17F0248909FE00183EAF /* LaunchScreen.storyboard */; };
		840B17FA2489158D00183EAF /* PageCollectionViewCell.swift in Sources */ = {isa = PBXBuildFile; fileRef = 840B17F92489158C00183EAF /* PageCollectionViewCell.swift */; };
/* End PBXBuildFile section */

/* Begin PBXFileReference section */
		840B17E2248909F500183EAF /* taxi-app.app */ = {isa = PBXFileReference; explicitFileType = wrapper.application; includeInIndex = 0; path = "taxi-app.app"; sourceTree = BUILT_PRODUCTS_DIR; };
		840B17E5248909F500183EAF /* AppDelegate.swift */ = {isa = PBXFileReference; lastKnownFileType = sourcecode.swift; path = AppDelegate.swift; sourceTree = "<group>"; };
		840B17E7248909F500183EAF /* SceneDelegate.swift */ = {isa = PBXFileReference; lastKnownFileType = sourcecode.swift; path = SceneDelegate.swift; sourceTree = "<group>"; };
		840B17E9248909F500183EAF /* ViewController.swift */ = {isa = PBXFileReference; lastKnownFileType = sourcecode.swift; path = ViewController.swift; sourceTree = "<group>"; };
		840B17EC248909F600183EAF /* Base */ = {isa = PBXFileReference; lastKnownFileType = file.storyboard; name = Base; path = Base.lproj/Main.storyboard; sourceTree = "<group>"; };
		840B17EE248909FE00183EAF /* Assets.xcassets */ = {isa = PBXFileReference; lastKnownFileType = folder.assetcatalog; path = Assets.xcassets; sourceTree = "<group>"; };
		840B17F1248909FE00183EAF /* Base */ = {isa = PBXFileReference; lastKnownFileType = file.storyboard; name = Base; path = Base.lproj/LaunchScreen.storyboard; sourceTree = "<group>"; };
		840B17F3248909FE00183EAF /* Info.plist */ = {isa = PBXFileReference; lastKnownFileType = text.plist.xml; path = Info.plist; sourceTree = "<group>"; };
		840B17F92489158C00183EAF /* PageCollectionViewCell.swift */ = {isa = PBXFileReference; lastKnownFileType = sourcecode.swift; path = PageCollectionViewCell.swift; sourceTree = "<group>"; };
/* End PBXFileReference section */

/* Begin PBXFrameworksBuildPhase section */
		840B17DF248909F500183EAF /* Frameworks */ = {
			isa = PBXFrameworksBuildPhase;
			buildActionMask = 2147483647;
			files = (
			);
			runOnlyForDeploymentPostprocessing = 0;
		};
/* End PBXFrameworksBuildPhase section */

/* Begin PBXGroup section */
		840B17D9248909F500183EAF = {
			isa = PBXGroup;
			children = (
				840B17E4248909F500183EAF /* taxi-app */,
				840B17E3248909F500183EAF /* Products */,
			);
			sourceTree = "<group>";
		};
		840B17E3248909F500183EAF /* Products */ = {
			isa = PBXGroup;
			children = (
				840B17E2248909F500183EAF /* taxi-app.app */,
			);
			name = Products;
			sourceTree = "<group>";
		};
		840B17E4248909F500183EAF /* taxi-app */ = {
			isa = PBXGroup;
			children = (
				840B17E5248909F500183EAF /* AppDelegate.swift */,
				840B17E7248909F500183EAF /* SceneDelegate.swift */,
				840B17E9248909F500183EAF /* ViewController.swift */,
				840B17EB248909F600183EAF /* Main.storyboard */,
				840B17EE248909FE00183EAF /* Assets.xcassets */,
				840B17F0248909FE00183EAF /* LaunchScreen.storyboard */,
				840B17F3248909FE00183EAF /* Info.plist */,
				840B17F92489158C00183EAF /* PageCollectionViewCell.swift */,
			);
			path = "taxi-app";
			sourceTree = "<group>";
		};
/* End PBXGroup section */

/* Begin PBXNativeTarget section */
		840B17E1248909F500183EAF /* taxi-app */ = {
			isa = PBXNativeTarget;
			buildConfigurationList = 840B17F6248909FE00183EAF /* Build configuration list for PBXNativeTarget "taxi-app" */;
			buildPhases = (
				840B17DE248909F500183EAF /* Sources */,
				840B17DF248909F500183EAF /* Frameworks */,
				840B17E0248909F500183EAF /* Resources */,
			);
			buildRules = (
			);
			dependencies = (
			);
			name = "taxi-app";
			productName = "taxi-app";
			productReference = 840B17E2248909F500183EAF /* taxi-app.app */;
			productType = "com.apple.product-type.application";
		};
/* End PBXNativeTarget section */

/* Begin PBXProject section */
		840B17DA248909F500183EAF /* Project object */ = {
			isa = PBXProject;
			attributes = {
				LastSwiftUpdateCheck = 1150;
				LastUpgradeCheck = 1150;
				ORGANIZATIONNAME = "Mishka TBC";
				TargetAttributes = {
					840B17E1248909F500183EAF = {
						CreatedOnToolsVersion = 11.5;
					};
				};
			};
			buildConfigurationList = 840B17DD248909F500183EAF /* Build configuration list for PBXProject "taxi-app" */;
			compatibilityVersion = "Xcode 9.3";
			developmentRegion = en;
			hasScannedForEncodings = 0;
			knownRegions = (
				en,
				Base,
			);
			mainGroup = 840B17D9248909F500183EAF;
			productRefGroup = 840B17E3248909F500183EAF /* Products */;
			projectDirPath = "";
			projectRoot = "";
			targets = (
				840B17E1248909F500183EAF /* taxi-app */,
			);
		};
/* End PBXProject section */

/* Begin PBXResourcesBuildPhase section */
		840B17E0248909F500183EAF /* Resources */ = {
			isa = PBXResourcesBuildPhase;
			buildActionMask = 2147483647;
			files = (
				840B17F2248909FE00183EAF /* LaunchScreen.storyboard in Resources */,
				840B17EF248909FE00183EAF /* Assets.xcassets in Resources */,
				840B17ED248909F600183EAF /* Main.storyboard in Resources */,
			);
			runOnlyForDeploymentPostprocessing = 0;
		};
/* End PBXResourcesBuildPhase section */

/* Begin PBXSourcesBuildPhase section */
		840B17DE248909F500183EAF /* Sources */ = {
			isa = PBXSourcesBuildPhase;
			buildActionMask = 2147483647;
			files = (
				840B17EA248909F500183EAF /* ViewController.swift in Sources */,
				840B17E6248909F500183EAF /* AppDelegate.swift in Sources */,
				840B17E8248909F500183EAF /* SceneDelegate.swift in Sources */,
				840B17FA2489158D00183EAF /* PageCollectionViewCell.swift in Sources */,
			);
			runOnlyForDeploymentPostprocessing = 0;
		};
/* End PBXSourcesBuildPhase section */

/* Begin PBXVariantGroup section */
		840B17EB248909F600183EAF /* Main.storyboard */ = {
			isa = PBXVariantGroup;
			children = (
				840B17EC248909F600183EAF /* Base */,
			);
			name = Main.storyboard;
			sourceTree = "<group>";
		};
		840B17F0248909FE00183EAF /* LaunchScreen.storyboard */ = {
			isa = PBXVariantGroup;
			children = (
				840B17F1248909FE00183EAF /* Base */,
			);
			name = LaunchScreen.storyboard;
			sourceTree = "<group>";
		};
/* End PBXVariantGroup section */

/* Begin XCBuildConfiguration section */
		840B17F4248909FE00183EAF /* Debug */ = {
			isa = XCBuildConfiguration;
			buildSettings = {
				ALWAYS_SEARCH_USER_PATHS = NO;
				CLANG_ANALYZER_NONNULL = YES;
				CLANG_ANALYZER_NUMBER_OBJECT_CONVERSION = YES_AGGRESSIVE;
				CLANG_CXX_LANGUAGE_STANDARD = "gnu++14";
				CLANG_CXX_LIBRARY = "libc++";
				CLANG_ENABLE_MODULES = YES;
				CLANG_ENABLE_OBJC_ARC = YES;
				CLANG_ENABLE_OBJC_WEAK = YES;
				CLANG_WARN_BLOCK_CAPTURE_AUTORELEASING = YES;
				CLANG_WARN_BOOL_CONVERSION = YES;
				CLANG_WARN_COMMA = YES;
				CLANG_WARN_CONSTANT_CONVERSION = YES;
				CLANG_WARN_DEPRECATED_OBJC_IMPLEMENTATIONS = YES;
				CLANG_WARN_DIRECT_OBJC_ISA_USAGE = YES_ERROR;
				CLANG_WARN_DOCUMENTATION_COMMENTS = YES;
				CLANG_WARN_EMPTY_BODY = YES;
				CLANG_WARN_ENUM_CONVERSION = YES;
				CLANG_WARN_INFINITE_RECURSION = YES;
				CLANG_WARN_INT_CONVERSION = YES;
				CLANG_WARN_NON_LITERAL_NULL_CONVERSION = YES;
				CLANG_WARN_OBJC_IMPLICIT_RETAIN_SELF = YES;
				CLANG_WARN_OBJC_LITERAL_CONVERSION = YES;
				CLANG_WARN_OBJC_ROOT_CLASS = YES_ERROR;
				CLANG_WARN_RANGE_LOOP_ANALYSIS = YES;
				CLANG_WARN_STRICT_PROTOTYPES = YES;
				CLANG_WARN_SUSPICIOUS_MOVE = YES;
				CLANG_WARN_UNGUARDED_AVAILABILITY = YES_AGGRESSIVE;
				CLANG_WARN_UNREACHABLE_CODE = YES;
				CLANG_WARN__DUPLICATE_METHOD_MATCH = YES;
				COPY_PHASE_STRIP = NO;
				DEBUG_INFORMATION_FORMAT = dwarf;
				ENABLE_STRICT_OBJC_MSGSEND = YES;
				ENABLE_TESTABILITY = YES;
				GCC_C_LANGUAGE_STANDARD = gnu11;
				GCC_DYNAMIC_NO_PIC = NO;
				GCC_NO_COMMON_BLOCKS = YES;
				GCC_OPTIMIZATION_LEVEL = 0;
				GCC_PREPROCESSOR_DEFINITIONS = (
					"DEBUG=1",
					"$(inherited)",
				);
				GCC_WARN_64_TO_32_BIT_CONVERSION = YES;
				GCC_WARN_ABOUT_RETURN_TYPE = YES_ERROR;
				GCC_WARN_UNDECLARED_SELECTOR = YES;
				GCC_WARN_UNINITIALIZED_AUTOS = YES_AGGRESSIVE;
				GCC_WARN_UNUSED_FUNCTION = YES;
				GCC_WARN_UNUSED_VARIABLE = YES;
				IPHONEOS_DEPLOYMENT_TARGET = 13.5;
				MTL_ENABLE_DEBUG_INFO = INCLUDE_SOURCE;
				MTL_FAST_MATH = YES;
				ONLY_ACTIVE_ARCH = YES;
				SDKROOT = iphoneos;
				SWIFT_ACTIVE_COMPILATION_CONDITIONS = DEBUG;
				SWIFT_OPTIMIZATION_LEVEL = "-Onone";
			};
			name = Debug;
		};
		840B17F5248909FE00183EAF /* Release */ = {
			isa = XCBuildConfiguration;
			buildSettings = {
				ALWAYS_SEARCH_USER_PATHS = NO;
				CLANG_ANALYZER_NONNULL = YES;
				CLANG_ANALYZER_NUMBER_OBJECT_CONVERSION = YES_AGGRESSIVE;
				CLANG_CXX_LANGUAGE_STANDARD = "gnu++14";
				CLANG_CXX_LIBRARY = "libc++";
				CLANG_ENABLE_MODULES = YES;
				CLANG_ENABLE_OBJC_ARC = YES;
				CLANG_ENABLE_OBJC_WEAK = YES;
				CLANG_WARN_BLOCK_CAPTURE_AUTORELEASING = YES;
				CLANG_WARN_BOOL_CONVERSION = YES;
				CLANG_WARN_COMMA = YES;
				CLANG_WARN_CONSTANT_CONVERSION = YES;
				CLANG_WARN_DEPRECATED_OBJC_IMPLEMENTATIONS = YES;
				CLANG_WARN_DIRECT_OBJC_ISA_USAGE = YES_ERROR;
				CLANG_WARN_DOCUMENTATION_COMMENTS = YES;
				CLANG_WARN_EMPTY_BODY = YES;
				CLANG_WARN_ENUM_CONVERSION = YES;
				CLANG_WARN_INFINITE_RECURSION = YES;
				CLANG_WARN_INT_CONVERSION = YES;
				CLANG_WARN_NON_LITERAL_NULL_CONVERSION = YES;
				CLANG_WARN_OBJC_IMPLICIT_RETAIN_SELF = YES;
				CLANG_WARN_OBJC_LITERAL_CONVERSION = YES;
				CLANG_WARN_OBJC_ROOT_CLASS = YES_ERROR;
				CLANG_WARN_RANGE_LOOP_ANALYSIS = YES;
				CLANG_WARN_STRICT_PROTOTYPES = YES;
				CLANG_WARN_SUSPICIOUS_MOVE = YES;
				CLANG_WARN_UNGUARDED_AVAILABILITY = YES_AGGRESSIVE;
				CLANG_WARN_UNREACHABLE_CODE = YES;
				CLANG_WARN__DUPLICATE_METHOD_MATCH = YES;
				COPY_PHASE_STRIP = NO;
				DEBUG_INFORMATION_FORMAT = "dwarf-with-dsym";
				ENABLE_NS_ASSERTIONS = NO;
				ENABLE_STRICT_OBJC_MSGSEND = YES;
				GCC_C_LANGUAGE_STANDARD = gnu11;
				GCC_NO_COMMON_BLOCKS = YES;
				GCC_WARN_64_TO_32_BIT_CONVERSION = YES;
				GCC_WARN_ABOUT_RETURN_TYPE = YES_ERROR;
				GCC_WARN_UNDECLARED_SELECTOR = YES;
				GCC_WARN_UNINITIALIZED_AUTOS = YES_AGGRESSIVE;
				GCC_WARN_UNUSED_FUNCTION = YES;
				GCC_WARN_UNUSED_VARIABLE = YES;
				IPHONEOS_DEPLOYMENT_TARGET = 13.5;
				MTL_ENABLE_DEBUG_INFO = NO;
				MTL_FAST_MATH = YES;
				SDKROOT = iphoneos;
				SWIFT_COMPILATION_MODE = wholemodule;
				SWIFT_OPTIMIZATION_LEVEL = "-O";
				VALIDATE_PRODUCT = YES;
			};
			name = Release;
		};
		840B17F7248909FE00183EAF /* Debug */ = {
			isa = XCBuildConfiguration;
			buildSettings = {
				ASSETCATALOG_COMPILER_APPICON_NAME = AppIcon;
				CODE_SIGN_STYLE = Automatic;
				INFOPLIST_FILE = "taxi-app/Info.plist";
				LD_RUNPATH_SEARCH_PATHS = (
					"$(inherited)",
					"@executable_path/Frameworks",
				);
				PRODUCT_BUNDLE_IDENTIFIER = "mishka.tbc.taxi-app";
				PRODUCT_NAME = "$(TARGET_NAME)";
				SWIFT_VERSION = 5.0;
				TARGETED_DEVICE_FAMILY = "1,2";
			};
			name = Debug;
		};
		840B17F8248909FE00183EAF /* Release */ = {
			isa = XCBuildConfiguration;
			buildSettings = {
				ASSETCATALOG_COMPILER_APPICON_NAME = AppIcon;
				CODE_SIGN_STYLE = Automatic;
				INFOPLIST_FILE = "taxi-app/Info.plist";
				LD_RUNPATH_SEARCH_PATHS = (
					"$(inherited)",
					"@executable_path/Frameworks",
				);
				PRODUCT_BUNDLE_IDENTIFIER = "mishka.tbc.taxi-app";
				PRODUCT_NAME = "$(TARGET_NAME)";
				SWIFT_VERSION = 5.0;
				TARGETED_DEVICE_FAMILY = "1,2";
			};
			name = Release;
		};
/* End XCBuildConfiguration section */

/* Begin XCConfigurationList section */
		840B17DD248909F500183EAF /* Build configuration list for PBXProject "taxi-app" */ = {
			isa = XCConfigurationList;
			buildConfigurations = (
				840B17F4248909FE00183EAF /* Debug */,
				840B17F5248909FE00183EAF /* Release */,
			);
			defaultConfigurationIsVisible = 0;
			defaultConfigurationName = Release;
		};
		840B17F6248909FE00183EAF /* Build configuration list for PBXNativeTarget "taxi-app" */ = {
			isa = XCConfigurationList;
			buildConfigurations = (
				840B17F7248909FE00183EAF /* Debug */,
				840B17F8248909FE00183EAF /* Release */,
			);
			defaultConfigurationIsVisible = 0;
			defaultConfigurationName = Release;
		};
/* End XCConfigurationList section */
	};
	rootObject = 840B17DA248909F500183EAF /* Project object */;
}
